// !$*UTF8*$!
{
	archiveVersion = 1;
	classes = {
	};
	objectVersion = 50;
	objects = {

/* Begin PBXBuildFile section */
		36C0597A26483908000CDCFD /* AppDelegate.swift in Sources */ = {isa = PBXBuildFile; fileRef = 36C0597926483908000CDCFD /* AppDelegate.swift */; };
		36C0597C26483908000CDCFD /* SceneDelegate.swift in Sources */ = {isa = PBXBuildFile; fileRef = 36C0597B26483908000CDCFD /* SceneDelegate.swift */; };
		36C0597E26483908000CDCFD /* ViewController.swift in Sources */ = {isa = PBXBuildFile; fileRef = 36C0597D26483908000CDCFD /* ViewController.swift */; };
		36C0598126483908000CDCFD /* Main.storyboard in Resources */ = {isa = PBXBuildFile; fileRef = 36C0597F26483908000CDCFD /* Main.storyboard */; };
		36C0598326483908000CDCFD /* Assets.xcassets in Resources */ = {isa = PBXBuildFile; fileRef = 36C0598226483908000CDCFD /* Assets.xcassets */; };
		36C0598626483908000CDCFD /* LaunchScreen.storyboard in Resources */ = {isa = PBXBuildFile; fileRef = 36C0598426483908000CDCFD /* LaunchScreen.storyboard */; };
		36C0598F26483A30000CDCFD /* lamp_off.png in Resources */ = {isa = PBXBuildFile; fileRef = 36C0598D26483A30000CDCFD /* lamp_off.png */; };
		36C0599026483A30000CDCFD /* lamp_on.png in Resources */ = {isa = PBXBuildFile; fileRef = 36C0598E26483A30000CDCFD /* lamp_on.png */; };
/* End PBXBuildFile section */

/* Begin PBXFileReference section */
		36C0597626483908000CDCFD /* 2_ImageView.app */ = {isa = PBXFileReference; explicitFileType = wrapper.application; includeInIndex = 0; path = 2_ImageView.app; sourceTree = BUILT_PRODUCTS_DIR; };
		36C0597926483908000CDCFD /* AppDelegate.swift */ = {isa = PBXFileReference; lastKnownFileType = sourcecode.swift; path = AppDelegate.swift; sourceTree = "<group>"; };
		36C0597B26483908000CDCFD /* SceneDelegate.swift */ = {isa = PBXFileReference; lastKnownFileType = sourcecode.swift; path = SceneDelegate.swift; sourceTree = "<group>"; };
		36C0597D26483908000CDCFD /* ViewController.swift */ = {isa = PBXFileReference; lastKnownFileType = sourcecode.swift; path = ViewController.swift; sourceTree = "<group>"; };
		36C0598026483908000CDCFD /* Base */ = {isa = PBXFileReference; lastKnownFileType = file.storyboard; name = Base; path = Base.lproj/Main.storyboard; sourceTree = "<group>"; };
		36C0598226483908000CDCFD /* Assets.xcassets */ = {isa = PBXFileReference; lastKnownFileType = folder.assetcatalog; path = Assets.xcassets; sourceTree = "<group>"; };
		36C0598526483908000CDCFD /* Base */ = {isa = PBXFileReference; lastKnownFileType = file.storyboard; name = Base; path = Base.lproj/LaunchScreen.storyboard; sourceTree = "<group>"; };
		36C0598726483908000CDCFD /* Info.plist */ = {isa = PBXFileReference; lastKnownFileType = text.plist.xml; path = Info.plist; sourceTree = "<group>"; };
		36C0598D26483A30000CDCFD /* lamp_off.png */ = {isa = PBXFileReference; lastKnownFileType = image.png; path = lamp_off.png; sourceTree = SOURCE_ROOT; };
		36C0598E26483A30000CDCFD /* lamp_on.png */ = {isa = PBXFileReference; lastKnownFileType = image.png; path = lamp_on.png; sourceTree = SOURCE_ROOT; };
/* End PBXFileReference section */

/* Begin PBXFrameworksBuildPhase section */
		36C0597326483908000CDCFD /* Frameworks */ = {
			isa = PBXFrameworksBuildPhase;
			buildActionMask = 2147483647;
			files = (
			);
			runOnlyForDeploymentPostprocessing = 0;
		};
/* End PBXFrameworksBuildPhase section */

/* Begin PBXGroup section */
		36C0596D26483908000CDCFD = {
			isa = PBXGroup;
			children = (
				36C0597826483908000CDCFD /* 2_ImageView */,
				36C0597726483908000CDCFD /* Products */,
			);
			sourceTree = "<group>";
		};
		36C0597726483908000CDCFD /* Products */ = {
			isa = PBXGroup;
			children = (
				36C0597626483908000CDCFD /* 2_ImageView.app */,
			);
			name = Products;
			sourceTree = "<group>";
		};
		36C0597826483908000CDCFD /* 2_ImageView */ = {
			isa = PBXGroup;
			children = (
				36C0598D26483A30000CDCFD /* lamp_off.png */,
				36C0598E26483A30000CDCFD /* lamp_on.png */,
				36C0597926483908000CDCFD /* AppDelegate.swift */,
				36C0597B26483908000CDCFD /* SceneDelegate.swift */,
				36C0597D26483908000CDCFD /* ViewController.swift */,
				36C0597F26483908000CDCFD /* Main.storyboard */,
				36C0598226483908000CDCFD /* Assets.xcassets */,
				36C0598426483908000CDCFD /* LaunchScreen.storyboard */,
				36C0598726483908000CDCFD /* Info.plist */,
			);
			path = 2_ImageView;
			sourceTree = "<group>";
		};
/* End PBXGroup section */

/* Begin PBXNativeTarget section */
		36C0597526483908000CDCFD /* 2_ImageView */ = {
			isa = PBXNativeTarget;
			buildConfigurationList = 36C0598A26483908000CDCFD /* Build configuration list for PBXNativeTarget "2_ImageView" */;
			buildPhases = (
				36C0597226483908000CDCFD /* Sources */,
				36C0597326483908000CDCFD /* Frameworks */,
				36C0597426483908000CDCFD /* Resources */,
			);
			buildRules = (
			);
			dependencies = (
			);
			name = 2_ImageView;
			productName = 2_ImageView;
			productReference = 36C0597626483908000CDCFD /* 2_ImageView.app */;
			productType = "com.apple.product-type.application";
		};
/* End PBXNativeTarget section */

/* Begin PBXProject section */
		36C0596E26483908000CDCFD /* Project object */ = {
			isa = PBXProject;
			attributes = {
				LastSwiftUpdateCheck = 1250;
				LastUpgradeCheck = 1250;
				TargetAttributes = {
					36C0597526483908000CDCFD = {
						CreatedOnToolsVersion = 12.5;
					};
				};
			};
			buildConfigurationList = 36C0597126483908000CDCFD /* Build configuration list for PBXProject "2_ImageView" */;
			compatibilityVersion = "Xcode 9.3";
			developmentRegion = en;
			hasScannedForEncodings = 0;
			knownRegions = (
				en,
				Base,
			);
			mainGroup = 36C0596D26483908000CDCFD;
			productRefGroup = 36C0597726483908000CDCFD /* Products */;
			projectDirPath = "";
			projectRoot = "";
			targets = (
				36C0597526483908000CDCFD /* 2_ImageView */,
			);
		};
/* End PBXProject section */

/* Begin PBXResourcesBuildPhase section */
		36C0597426483908000CDCFD /* Resources */ = {
			isa = PBXResourcesBuildPhase;
			buildActionMask = 2147483647;
			files = (
				36C0598626483908000CDCFD /* LaunchScreen.storyboard in Resources */,
				36C0598326483908000CDCFD /* Assets.xcassets in Resources */,
				36C0599026483A30000CDCFD /* lamp_on.png in Resources */,
				36C0598126483908000CDCFD /* Main.storyboard in Resources */,
				36C0598F26483A30000CDCFD /* lamp_off.png in Resources */,
			);
			runOnlyForDeploymentPostprocessing = 0;
		};
/* End PBXResourcesBuildPhase section */

/* Begin PBXSourcesBuildPhase section */
		36C0597226483908000CDCFD /* Sources */ = {
			isa = PBXSourcesBuildPhase;
			buildActionMask = 2147483647;
			files = (
				36C0597E26483908000CDCFD /* ViewController.swift in Sources */,
				36C0597A26483908000CDCFD /* AppDelegate.swift in Sources */,
				36C0597C26483908000CDCFD /* SceneDelegate.swift in Sources */,
			);
			runOnlyForDeploymentPostprocessing = 0;
		};
/* End PBXSourcesBuildPhase section */

/* Begin PBXVariantGroup section */
		36C0597F26483908000CDCFD /* Main.storyboard */ = {
			isa = PBXVariantGroup;
			children = (
				36C0598026483908000CDCFD /* Base */,
			);
			name = Main.storyboard;
			sourceTree = "<group>";
		};
		36C0598426483908000CDCFD /* LaunchScreen.storyboard */ = {
			isa = PBXVariantGroup;
			children = (
				36C0598526483908000CDCFD /* Base */,
			);
			name = LaunchScreen.storyboard;
			sourceTree = "<group>";
		};
/* End PBXVariantGroup section */

/* Begin XCBuildConfiguration section */
		36C0598826483908000CDCFD /* Debug */ = {
			isa = XCBuildConfiguration;
			buildSettings = {
				ALWAYS_SEARCH_USER_PATHS = NO;
				CLANG_ANALYZER_NONNULL = YES;
				CLANG_ANALYZER_NUMBER_OBJECT_CONVERSION = YES_AGGRESSIVE;
				CLANG_CXX_LANGUAGE_STANDARD = "gnu++14";
				CLANG_CXX_LIBRARY = "libc++";
				CLANG_ENABLE_MODULES = YES;
				CLANG_ENABLE_OBJC_ARC = YES;
				CLANG_ENABLE_OBJC_WEAK = YES;
				CLANG_WARN_BLOCK_CAPTURE_AUTORELEASING = YES;
				CLANG_WARN_BOOL_CONVERSION = YES;
				CLANG_WARN_COMMA = YES;
				CLANG_WARN_CONSTANT_CONVERSION = YES;
				CLANG_WARN_DEPRECATED_OBJC_IMPLEMENTATIONS = YES;
				CLANG_WARN_DIRECT_OBJC_ISA_USAGE = YES_ERROR;
				CLANG_WARN_DOCUMENTATION_COMMENTS = YES;
				CLANG_WARN_EMPTY_BODY = YES;
				CLANG_WARN_ENUM_CONVERSION = YES;
				CLANG_WARN_INFINITE_RECURSION = YES;
				CLANG_WARN_INT_CONVERSION = YES;
				CLANG_WARN_NON_LITERAL_NULL_CONVERSION = YES;
				CLANG_WARN_OBJC_IMPLICIT_RETAIN_SELF = YES;
				CLANG_WARN_OBJC_LITERAL_CONVERSION = YES;
				CLANG_WARN_OBJC_ROOT_CLASS = YES_ERROR;
				CLANG_WARN_QUOTED_INCLUDE_IN_FRAMEWORK_HEADER = YES;
				CLANG_WARN_RANGE_LOOP_ANALYSIS = YES;
				CLANG_WARN_STRICT_PROTOTYPES = YES;
				CLANG_WARN_SUSPICIOUS_MOVE = YES;
				CLANG_WARN_UNGUARDED_AVAILABILITY = YES_AGGRESSIVE;
				CLANG_WARN_UNREACHABLE_CODE = YES;
				CLANG_WARN__DUPLICATE_METHOD_MATCH = YES;
				COPY_PHASE_STRIP = NO;
				DEBUG_INFORMATION_FORMAT = dwarf;
				ENABLE_STRICT_OBJC_MSGSEND = YES;
				ENABLE_TESTABILITY = YES;
				GCC_C_LANGUAGE_STANDARD = gnu11;
				GCC_DYNAMIC_NO_PIC = NO;
				GCC_NO_COMMON_BLOCKS = YES;
				GCC_OPTIMIZATION_LEVEL = 0;
				GCC_PREPROCESSOR_DEFINITIONS = (
					"DEBUG=1",
					"$(inherited)",
				);
				GCC_WARN_64_TO_32_BIT_CONVERSION = YES;
				GCC_WARN_ABOUT_RETURN_TYPE = YES_ERROR;
				GCC_WARN_UNDECLARED_SELECTOR = YES;
				GCC_WARN_UNINITIALIZED_AUTOS = YES_AGGRESSIVE;
				GCC_WARN_UNUSED_FUNCTION = YES;
				GCC_WARN_UNUSED_VARIABLE = YES;
				IPHONEOS_DEPLOYMENT_TARGET = 14.5;
				MTL_ENABLE_DEBUG_INFO = INCLUDE_SOURCE;
				MTL_FAST_MATH = YES;
				ONLY_ACTIVE_ARCH = YES;
				SDKROOT = iphoneos;
				SWIFT_ACTIVE_COMPILATION_CONDITIONS = DEBUG;
				SWIFT_OPTIMIZATION_LEVEL = "-Onone";
			};
			name = Debug;
		};
		36C0598926483908000CDCFD /* Release */ = {
			isa = XCBuildConfiguration;
			buildSettings = {
				ALWAYS_SEARCH_USER_PATHS = NO;
				CLANG_ANALYZER_NONNULL = YES;
				CLANG_ANALYZER_NUMBER_OBJECT_CONVERSION = YES_AGGRESSIVE;
				CLANG_CXX_LANGUAGE_STANDARD = "gnu++14";
				CLANG_CXX_LIBRARY = "libc++";
				CLANG_ENABLE_MODULES = YES;
				CLANG_ENABLE_OBJC_ARC = YES;
				CLANG_ENABLE_OBJC_WEAK = YES;
				CLANG_WARN_BLOCK_CAPTURE_AUTORELEASING = YES;
				CLANG_WARN_BOOL_CONVERSION = YES;
				CLANG_WARN_COMMA = YES;
				CLANG_WARN_CONSTANT_CONVERSION = YES;
				CLANG_WARN_DEPRECATED_OBJC_IMPLEMENTATIONS = YES;
				CLANG_WARN_DIRECT_OBJC_ISA_USAGE = YES_ERROR;
				CLANG_WARN_DOCUMENTATION_COMMENTS = YES;
				CLANG_WARN_EMPTY_BODY = YES;
				CLANG_WARN_ENUM_CONVERSION = YES;
				CLANG_WARN_INFINITE_RECURSION = YES;
				CLANG_WARN_INT_CONVERSION = YES;
				CLANG_WARN_NON_LITERAL_NULL_CONVERSION = YES;
				CLANG_WARN_OBJC_IMPLICIT_RETAIN_SELF = YES;
				CLANG_WARN_OBJC_LITERAL_CONVERSION = YES;
				CLANG_WARN_OBJC_ROOT_CLASS = YES_ERROR;
				CLANG_WARN_QUOTED_INCLUDE_IN_FRAMEWORK_HEADER = YES;
				CLANG_WARN_RANGE_LOOP_ANALYSIS = YES;
				CLANG_WARN_STRICT_PROTOTYPES = YES;
				CLANG_WARN_SUSPICIOUS_MOVE = YES;
				CLANG_WARN_UNGUARDED_AVAILABILITY = YES_AGGRESSIVE;
				CLANG_WARN_UNREACHABLE_CODE = YES;
				CLANG_WARN__DUPLICATE_METHOD_MATCH = YES;
				COPY_PHASE_STRIP = NO;
				DEBUG_INFORMATION_FORMAT = "dwarf-with-dsym";
				ENABLE_NS_ASSERTIONS = NO;
				ENABLE_STRICT_OBJC_MSGSEND = YES;
				GCC_C_LANGUAGE_STANDARD = gnu11;
				GCC_NO_COMMON_BLOCKS = YES;
				GCC_WARN_64_TO_32_BIT_CONVERSION = YES;
				GCC_WARN_ABOUT_RETURN_TYPE = YES_ERROR;
				GCC_WARN_UNDECLARED_SELECTOR = YES;
				GCC_WARN_UNINITIALIZED_AUTOS = YES_AGGRESSIVE;
				GCC_WARN_UNUSED_FUNCTION = YES;
				GCC_WARN_UNUSED_VARIABLE = YES;
				IPHONEOS_DEPLOYMENT_TARGET = 14.5;
				MTL_ENABLE_DEBUG_INFO = NO;
				MTL_FAST_MATH = YES;
				SDKROOT = iphoneos;
				SWIFT_COMPILATION_MODE = wholemodule;
				SWIFT_OPTIMIZATION_LEVEL = "-O";
				VALIDATE_PRODUCT = YES;
			};
			name = Release;
		};
		36C0598B26483908000CDCFD /* Debug */ = {
			isa = XCBuildConfiguration;
			buildSettings = {
				ASSETCATALOG_COMPILER_APPICON_NAME = AppIcon;
				ASSETCATALOG_COMPILER_GLOBAL_ACCENT_COLOR_NAME = AccentColor;
				CODE_SIGN_STYLE = Automatic;
				INFOPLIST_FILE = 2_ImageView/Info.plist;
				LD_RUNPATH_SEARCH_PATHS = (
					"$(inherited)",
					"@executable_path/Frameworks",
				);
				PRODUCT_BUNDLE_IDENTIFIER = "KevinSon.--ImageView";
				PRODUCT_NAME = "$(TARGET_NAME)";
				SWIFT_VERSION = 5.0;
				TARGETED_DEVICE_FAMILY = "1,2";
			};
			name = Debug;
		};
		36C0598C26483908000CDCFD /* Release */ = {
			isa = XCBuildConfiguration;
			buildSettings = {
				ASSETCATALOG_COMPILER_APPICON_NAME = AppIcon;
				ASSETCATALOG_COMPILER_GLOBAL_ACCENT_COLOR_NAME = AccentColor;
				CODE_SIGN_STYLE = Automatic;
				INFOPLIST_FILE = 2_ImageView/Info.plist;
				LD_RUNPATH_SEARCH_PATHS = (
					"$(inherited)",
					"@executable_path/Frameworks",
				);
				PRODUCT_BUNDLE_IDENTIFIER = "KevinSon.--ImageView";
				PRODUCT_NAME = "$(TARGET_NAME)";
				SWIFT_VERSION = 5.0;
				TARGETED_DEVICE_FAMILY = "1,2";
			};
			name = Release;
		};
/* End XCBuildConfiguration section */

/* Begin XCConfigurationList section */
		36C0597126483908000CDCFD /* Build configuration list for PBXProject "2_ImageView" */ = {
			isa = XCConfigurationList;
			buildConfigurations = (
				36C0598826483908000CDCFD /* Debug */,
				36C0598926483908000CDCFD /* Release */,
			);
			defaultConfigurationIsVisible = 0;
			defaultConfigurationName = Release;
		};
		36C0598A26483908000CDCFD /* Build configuration list for PBXNativeTarget "2_ImageView" */ = {
			isa = XCConfigurationList;
			buildConfigurations = (
				36C0598B26483908000CDCFD /* Debug */,
				36C0598C26483908000CDCFD /* Release */,
			);
			defaultConfigurationIsVisible = 0;
			defaultConfigurationName = Release;
		};
/* End XCConfigurationList section */
	};
	rootObject = 36C0596E26483908000CDCFD /* Project object */;
}
