// !$*UTF8*$!
{
	archiveVersion = 1;
	classes = {
	};
	objectVersion = 50;
	objects = {

/* Begin PBXBuildFile section */
		366DFAF8266D556F002FE1C1 /* AppDelegate.swift in Sources */ = {isa = PBXBuildFile; fileRef = 366DFAF7266D556F002FE1C1 /* AppDelegate.swift */; };
		366DFAFA266D556F002FE1C1 /* SceneDelegate.swift in Sources */ = {isa = PBXBuildFile; fileRef = 366DFAF9266D556F002FE1C1 /* SceneDelegate.swift */; };
		366DFAFC266D556F002FE1C1 /* ViewController.swift in Sources */ = {isa = PBXBuildFile; fileRef = 366DFAFB266D556F002FE1C1 /* ViewController.swift */; };
		366DFAFF266D556F002FE1C1 /* Main.storyboard in Resources */ = {isa = PBXBuildFile; fileRef = 366DFAFD266D556F002FE1C1 /* Main.storyboard */; };
		366DFB01266D5570002FE1C1 /* Assets.xcassets in Resources */ = {isa = PBXBuildFile; fileRef = 366DFB00266D5570002FE1C1 /* Assets.xcassets */; };
		366DFB04266D5570002FE1C1 /* LaunchScreen.storyboard in Resources */ = {isa = PBXBuildFile; fileRef = 366DFB02266D5570002FE1C1 /* LaunchScreen.storyboard */; };
		366DFB0C266E1513002FE1C1 /* htmlView.html in Resources */ = {isa = PBXBuildFile; fileRef = 366DFB0B266E1513002FE1C1 /* htmlView.html */; };
/* End PBXBuildFile section */

/* Begin PBXFileReference section */
		366DFAF4266D556F002FE1C1 /* 7_WebView.app */ = {isa = PBXFileReference; explicitFileType = wrapper.application; includeInIndex = 0; path = 7_WebView.app; sourceTree = BUILT_PRODUCTS_DIR; };
		366DFAF7266D556F002FE1C1 /* AppDelegate.swift */ = {isa = PBXFileReference; lastKnownFileType = sourcecode.swift; path = AppDelegate.swift; sourceTree = "<group>"; };
		366DFAF9266D556F002FE1C1 /* SceneDelegate.swift */ = {isa = PBXFileReference; lastKnownFileType = sourcecode.swift; path = SceneDelegate.swift; sourceTree = "<group>"; };
		366DFAFB266D556F002FE1C1 /* ViewController.swift */ = {isa = PBXFileReference; lastKnownFileType = sourcecode.swift; path = ViewController.swift; sourceTree = "<group>"; };
		366DFAFE266D556F002FE1C1 /* Base */ = {isa = PBXFileReference; lastKnownFileType = file.storyboard; name = Base; path = Base.lproj/Main.storyboard; sourceTree = "<group>"; };
		366DFB00266D5570002FE1C1 /* Assets.xcassets */ = {isa = PBXFileReference; lastKnownFileType = folder.assetcatalog; path = Assets.xcassets; sourceTree = "<group>"; };
		366DFB03266D5570002FE1C1 /* Base */ = {isa = PBXFileReference; lastKnownFileType = file.storyboard; name = Base; path = Base.lproj/LaunchScreen.storyboard; sourceTree = "<group>"; };
		366DFB05266D5570002FE1C1 /* Info.plist */ = {isa = PBXFileReference; lastKnownFileType = text.plist.xml; path = Info.plist; sourceTree = "<group>"; };
		366DFB0B266E1513002FE1C1 /* htmlView.html */ = {isa = PBXFileReference; lastKnownFileType = text.html; path = htmlView.html; sourceTree = "<group>"; };
/* End PBXFileReference section */

/* Begin PBXFrameworksBuildPhase section */
		366DFAF1266D556F002FE1C1 /* Frameworks */ = {
			isa = PBXFrameworksBuildPhase;
			buildActionMask = 2147483647;
			files = (
			);
			runOnlyForDeploymentPostprocessing = 0;
		};
/* End PBXFrameworksBuildPhase section */

/* Begin PBXGroup section */
		366DFAEB266D556F002FE1C1 = {
			isa = PBXGroup;
			children = (
				366DFAF6266D556F002FE1C1 /* 7_WebView */,
				366DFAF5266D556F002FE1C1 /* Products */,
			);
			sourceTree = "<group>";
		};
		366DFAF5266D556F002FE1C1 /* Products */ = {
			isa = PBXGroup;
			children = (
				366DFAF4266D556F002FE1C1 /* 7_WebView.app */,
			);
			name = Products;
			sourceTree = "<group>";
		};
		366DFAF6266D556F002FE1C1 /* 7_WebView */ = {
			isa = PBXGroup;
			children = (
				366DFB0B266E1513002FE1C1 /* htmlView.html */,
				366DFAF7266D556F002FE1C1 /* AppDelegate.swift */,
				366DFAF9266D556F002FE1C1 /* SceneDelegate.swift */,
				366DFAFB266D556F002FE1C1 /* ViewController.swift */,
				366DFAFD266D556F002FE1C1 /* Main.storyboard */,
				366DFB00266D5570002FE1C1 /* Assets.xcassets */,
				366DFB02266D5570002FE1C1 /* LaunchScreen.storyboard */,
				366DFB05266D5570002FE1C1 /* Info.plist */,
			);
			path = 7_WebView;
			sourceTree = "<group>";
		};
/* End PBXGroup section */

/* Begin PBXNativeTarget section */
		366DFAF3266D556F002FE1C1 /* 7_WebView */ = {
			isa = PBXNativeTarget;
			buildConfigurationList = 366DFB08266D5570002FE1C1 /* Build configuration list for PBXNativeTarget "7_WebView" */;
			buildPhases = (
				366DFAF0266D556F002FE1C1 /* Sources */,
				366DFAF1266D556F002FE1C1 /* Frameworks */,
				366DFAF2266D556F002FE1C1 /* Resources */,
			);
			buildRules = (
			);
			dependencies = (
			);
			name = 7_WebView;
			productName = 7_WebView;
			productReference = 366DFAF4266D556F002FE1C1 /* 7_WebView.app */;
			productType = "com.apple.product-type.application";
		};
/* End PBXNativeTarget section */

/* Begin PBXProject section */
		366DFAEC266D556F002FE1C1 /* Project object */ = {
			isa = PBXProject;
			attributes = {
				LastSwiftUpdateCheck = 1250;
				LastUpgradeCheck = 1250;
				TargetAttributes = {
					366DFAF3266D556F002FE1C1 = {
						CreatedOnToolsVersion = 12.5;
					};
				};
			};
			buildConfigurationList = 366DFAEF266D556F002FE1C1 /* Build configuration list for PBXProject "7_WebView" */;
			compatibilityVersion = "Xcode 9.3";
			developmentRegion = en;
			hasScannedForEncodings = 0;
			knownRegions = (
				en,
				Base,
			);
			mainGroup = 366DFAEB266D556F002FE1C1;
			productRefGroup = 366DFAF5266D556F002FE1C1 /* Products */;
			projectDirPath = "";
			projectRoot = "";
			targets = (
				366DFAF3266D556F002FE1C1 /* 7_WebView */,
			);
		};
/* End PBXProject section */

/* Begin PBXResourcesBuildPhase section */
		366DFAF2266D556F002FE1C1 /* Resources */ = {
			isa = PBXResourcesBuildPhase;
			buildActionMask = 2147483647;
			files = (
				366DFB0C266E1513002FE1C1 /* htmlView.html in Resources */,
				366DFB04266D5570002FE1C1 /* LaunchScreen.storyboard in Resources */,
				366DFB01266D5570002FE1C1 /* Assets.xcassets in Resources */,
				366DFAFF266D556F002FE1C1 /* Main.storyboard in Resources */,
			);
			runOnlyForDeploymentPostprocessing = 0;
		};
/* End PBXResourcesBuildPhase section */

/* Begin PBXSourcesBuildPhase section */
		366DFAF0266D556F002FE1C1 /* Sources */ = {
			isa = PBXSourcesBuildPhase;
			buildActionMask = 2147483647;
			files = (
				366DFAFC266D556F002FE1C1 /* ViewController.swift in Sources */,
				366DFAF8266D556F002FE1C1 /* AppDelegate.swift in Sources */,
				366DFAFA266D556F002FE1C1 /* SceneDelegate.swift in Sources */,
			);
			runOnlyForDeploymentPostprocessing = 0;
		};
/* End PBXSourcesBuildPhase section */

/* Begin PBXVariantGroup section */
		366DFAFD266D556F002FE1C1 /* Main.storyboard */ = {
			isa = PBXVariantGroup;
			children = (
				366DFAFE266D556F002FE1C1 /* Base */,
			);
			name = Main.storyboard;
			sourceTree = "<group>";
		};
		366DFB02266D5570002FE1C1 /* LaunchScreen.storyboard */ = {
			isa = PBXVariantGroup;
			children = (
				366DFB03266D5570002FE1C1 /* Base */,
			);
			name = LaunchScreen.storyboard;
			sourceTree = "<group>";
		};
/* End PBXVariantGroup section */

/* Begin XCBuildConfiguration section */
		366DFB06266D5570002FE1C1 /* Debug */ = {
			isa = XCBuildConfiguration;
			buildSettings = {
				ALWAYS_SEARCH_USER_PATHS = NO;
				CLANG_ANALYZER_NONNULL = YES;
				CLANG_ANALYZER_NUMBER_OBJECT_CONVERSION = YES_AGGRESSIVE;
				CLANG_CXX_LANGUAGE_STANDARD = "gnu++14";
				CLANG_CXX_LIBRARY = "libc++";
				CLANG_ENABLE_MODULES = YES;
				CLANG_ENABLE_OBJC_ARC = YES;
				CLANG_ENABLE_OBJC_WEAK = YES;
				CLANG_WARN_BLOCK_CAPTURE_AUTORELEASING = YES;
				CLANG_WARN_BOOL_CONVERSION = YES;
				CLANG_WARN_COMMA = YES;
				CLANG_WARN_CONSTANT_CONVERSION = YES;
				CLANG_WARN_DEPRECATED_OBJC_IMPLEMENTATIONS = YES;
				CLANG_WARN_DIRECT_OBJC_ISA_USAGE = YES_ERROR;
				CLANG_WARN_DOCUMENTATION_COMMENTS = YES;
				CLANG_WARN_EMPTY_BODY = YES;
				CLANG_WARN_ENUM_CONVERSION = YES;
				CLANG_WARN_INFINITE_RECURSION = YES;
				CLANG_WARN_INT_CONVERSION = YES;
				CLANG_WARN_NON_LITERAL_NULL_CONVERSION = YES;
				CLANG_WARN_OBJC_IMPLICIT_RETAIN_SELF = YES;
				CLANG_WARN_OBJC_LITERAL_CONVERSION = YES;
				CLANG_WARN_OBJC_ROOT_CLASS = YES_ERROR;
				CLANG_WARN_QUOTED_INCLUDE_IN_FRAMEWORK_HEADER = YES;
				CLANG_WARN_RANGE_LOOP_ANALYSIS = YES;
				CLANG_WARN_STRICT_PROTOTYPES = YES;
				CLANG_WARN_SUSPICIOUS_MOVE = YES;
				CLANG_WARN_UNGUARDED_AVAILABILITY = YES_AGGRESSIVE;
				CLANG_WARN_UNREACHABLE_CODE = YES;
				CLANG_WARN__DUPLICATE_METHOD_MATCH = YES;
				COPY_PHASE_STRIP = NO;
				DEBUG_INFORMATION_FORMAT = dwarf;
				ENABLE_STRICT_OBJC_MSGSEND = YES;
				ENABLE_TESTABILITY = YES;
				GCC_C_LANGUAGE_STANDARD = gnu11;
				GCC_DYNAMIC_NO_PIC = NO;
				GCC_NO_COMMON_BLOCKS = YES;
				GCC_OPTIMIZATION_LEVEL = 0;
				GCC_PREPROCESSOR_DEFINITIONS = (
					"DEBUG=1",
					"$(inherited)",
				);
				GCC_WARN_64_TO_32_BIT_CONVERSION = YES;
				GCC_WARN_ABOUT_RETURN_TYPE = YES_ERROR;
				GCC_WARN_UNDECLARED_SELECTOR = YES;
				GCC_WARN_UNINITIALIZED_AUTOS = YES_AGGRESSIVE;
				GCC_WARN_UNUSED_FUNCTION = YES;
				GCC_WARN_UNUSED_VARIABLE = YES;
				IPHONEOS_DEPLOYMENT_TARGET = 14.5;
				MTL_ENABLE_DEBUG_INFO = INCLUDE_SOURCE;
				MTL_FAST_MATH = YES;
				ONLY_ACTIVE_ARCH = YES;
				SDKROOT = iphoneos;
				SWIFT_ACTIVE_COMPILATION_CONDITIONS = DEBUG;
				SWIFT_OPTIMIZATION_LEVEL = "-Onone";
			};
			name = Debug;
		};
		366DFB07266D5570002FE1C1 /* Release */ = {
			isa = XCBuildConfiguration;
			buildSettings = {
				ALWAYS_SEARCH_USER_PATHS = NO;
				CLANG_ANALYZER_NONNULL = YES;
				CLANG_ANALYZER_NUMBER_OBJECT_CONVERSION = YES_AGGRESSIVE;
				CLANG_CXX_LANGUAGE_STANDARD = "gnu++14";
				CLANG_CXX_LIBRARY = "libc++";
				CLANG_ENABLE_MODULES = YES;
				CLANG_ENABLE_OBJC_ARC = YES;
				CLANG_ENABLE_OBJC_WEAK = YES;
				CLANG_WARN_BLOCK_CAPTURE_AUTORELEASING = YES;
				CLANG_WARN_BOOL_CONVERSION = YES;
				CLANG_WARN_COMMA = YES;
				CLANG_WARN_CONSTANT_CONVERSION = YES;
				CLANG_WARN_DEPRECATED_OBJC_IMPLEMENTATIONS = YES;
				CLANG_WARN_DIRECT_OBJC_ISA_USAGE = YES_ERROR;
				CLANG_WARN_DOCUMENTATION_COMMENTS = YES;
				CLANG_WARN_EMPTY_BODY = YES;
				CLANG_WARN_ENUM_CONVERSION = YES;
				CLANG_WARN_INFINITE_RECURSION = YES;
				CLANG_WARN_INT_CONVERSION = YES;
				CLANG_WARN_NON_LITERAL_NULL_CONVERSION = YES;
				CLANG_WARN_OBJC_IMPLICIT_RETAIN_SELF = YES;
				CLANG_WARN_OBJC_LITERAL_CONVERSION = YES;
				CLANG_WARN_OBJC_ROOT_CLASS = YES_ERROR;
				CLANG_WARN_QUOTED_INCLUDE_IN_FRAMEWORK_HEADER = YES;
				CLANG_WARN_RANGE_LOOP_ANALYSIS = YES;
				CLANG_WARN_STRICT_PROTOTYPES = YES;
				CLANG_WARN_SUSPICIOUS_MOVE = YES;
				CLANG_WARN_UNGUARDED_AVAILABILITY = YES_AGGRESSIVE;
				CLANG_WARN_UNREACHABLE_CODE = YES;
				CLANG_WARN__DUPLICATE_METHOD_MATCH = YES;
				COPY_PHASE_STRIP = NO;
				DEBUG_INFORMATION_FORMAT = "dwarf-with-dsym";
				ENABLE_NS_ASSERTIONS = NO;
				ENABLE_STRICT_OBJC_MSGSEND = YES;
				GCC_C_LANGUAGE_STANDARD = gnu11;
				GCC_NO_COMMON_BLOCKS = YES;
				GCC_WARN_64_TO_32_BIT_CONVERSION = YES;
				GCC_WARN_ABOUT_RETURN_TYPE = YES_ERROR;
				GCC_WARN_UNDECLARED_SELECTOR = YES;
				GCC_WARN_UNINITIALIZED_AUTOS = YES_AGGRESSIVE;
				GCC_WARN_UNUSED_FUNCTION = YES;
				GCC_WARN_UNUSED_VARIABLE = YES;
				IPHONEOS_DEPLOYMENT_TARGET = 14.5;
				MTL_ENABLE_DEBUG_INFO = NO;
				MTL_FAST_MATH = YES;
				SDKROOT = iphoneos;
				SWIFT_COMPILATION_MODE = wholemodule;
				SWIFT_OPTIMIZATION_LEVEL = "-O";
				VALIDATE_PRODUCT = YES;
			};
			name = Release;
		};
		366DFB09266D5570002FE1C1 /* Debug */ = {
			isa = XCBuildConfiguration;
			buildSettings = {
				ASSETCATALOG_COMPILER_APPICON_NAME = AppIcon;
				ASSETCATALOG_COMPILER_GLOBAL_ACCENT_COLOR_NAME = AccentColor;
				CODE_SIGN_STYLE = Automatic;
				INFOPLIST_FILE = 7_WebView/Info.plist;
				LD_RUNPATH_SEARCH_PATHS = (
					"$(inherited)",
					"@executable_path/Frameworks",
				);
				PRODUCT_BUNDLE_IDENTIFIER = "KevinSon.--WebView";
				PRODUCT_NAME = "$(TARGET_NAME)";
				SWIFT_VERSION = 5.0;
				TARGETED_DEVICE_FAMILY = "1,2";
			};
			name = Debug;
		};
		366DFB0A266D5570002FE1C1 /* Release */ = {
			isa = XCBuildConfiguration;
			buildSettings = {
				ASSETCATALOG_COMPILER_APPICON_NAME = AppIcon;
				ASSETCATALOG_COMPILER_GLOBAL_ACCENT_COLOR_NAME = AccentColor;
				CODE_SIGN_STYLE = Automatic;
				INFOPLIST_FILE = 7_WebView/Info.plist;
				LD_RUNPATH_SEARCH_PATHS = (
					"$(inherited)",
					"@executable_path/Frameworks",
				);
				PRODUCT_BUNDLE_IDENTIFIER = "KevinSon.--WebView";
				PRODUCT_NAME = "$(TARGET_NAME)";
				SWIFT_VERSION = 5.0;
				TARGETED_DEVICE_FAMILY = "1,2";
			};
			name = Release;
		};
/* End XCBuildConfiguration section */

/* Begin XCConfigurationList section */
		366DFAEF266D556F002FE1C1 /* Build configuration list for PBXProject "7_WebView" */ = {
			isa = XCConfigurationList;
			buildConfigurations = (
				366DFB06266D5570002FE1C1 /* Debug */,
				366DFB07266D5570002FE1C1 /* Release */,
			);
			defaultConfigurationIsVisible = 0;
			defaultConfigurationName = Release;
		};
		366DFB08266D5570002FE1C1 /* Build configuration list for PBXNativeTarget "7_WebView" */ = {
			isa = XCConfigurationList;
			buildConfigurations = (
				366DFB09266D5570002FE1C1 /* Debug */,
				366DFB0A266D5570002FE1C1 /* Release */,
			);
			defaultConfigurationIsVisible = 0;
			defaultConfigurationName = Release;
		};
/* End XCConfigurationList section */
	};
	rootObject = 366DFAEC266D556F002FE1C1 /* Project object */;
}
