// !$*UTF8*$!
{
	archiveVersion = 1;
	classes = {
	};
	objectVersion = 50;
	objects = {

/* Begin PBXBuildFile section */
		36203D0D2674DE82009D9631 /* 04.png in Resources */ = {isa = PBXBuildFile; fileRef = 36203D072674DE81009D9631 /* 04.png */; };
		36203D0E2674DE82009D9631 /* 01.png in Resources */ = {isa = PBXBuildFile; fileRef = 36203D082674DE81009D9631 /* 01.png */; };
		36203D0F2674DE82009D9631 /* 05.png in Resources */ = {isa = PBXBuildFile; fileRef = 36203D092674DE81009D9631 /* 05.png */; };
		36203D102674DE82009D9631 /* 06.png in Resources */ = {isa = PBXBuildFile; fileRef = 36203D0A2674DE81009D9631 /* 06.png */; };
		36203D112674DE82009D9631 /* 03.png in Resources */ = {isa = PBXBuildFile; fileRef = 36203D0B2674DE81009D9631 /* 03.png */; };
		36203D122674DE82009D9631 /* 02.png in Resources */ = {isa = PBXBuildFile; fileRef = 36203D0C2674DE82009D9631 /* 02.png */; };
		36E2C85426735AAA00298199 /* AppDelegate.swift in Sources */ = {isa = PBXBuildFile; fileRef = 36E2C85326735AAA00298199 /* AppDelegate.swift */; };
		36E2C85626735AAA00298199 /* SceneDelegate.swift in Sources */ = {isa = PBXBuildFile; fileRef = 36E2C85526735AAA00298199 /* SceneDelegate.swift */; };
		36E2C85826735AAA00298199 /* ViewController.swift in Sources */ = {isa = PBXBuildFile; fileRef = 36E2C85726735AAA00298199 /* ViewController.swift */; };
		36E2C85B26735AAA00298199 /* Main.storyboard in Resources */ = {isa = PBXBuildFile; fileRef = 36E2C85926735AAA00298199 /* Main.storyboard */; };
		36E2C85D26735AAB00298199 /* Assets.xcassets in Resources */ = {isa = PBXBuildFile; fileRef = 36E2C85C26735AAB00298199 /* Assets.xcassets */; };
		36E2C86026735AAB00298199 /* LaunchScreen.storyboard in Resources */ = {isa = PBXBuildFile; fileRef = 36E2C85E26735AAB00298199 /* LaunchScreen.storyboard */; };
/* End PBXBuildFile section */

/* Begin PBXFileReference section */
		36203D072674DE81009D9631 /* 04.png */ = {isa = PBXFileReference; lastKnownFileType = image.png; path = 04.png; sourceTree = "<group>"; };
		36203D082674DE81009D9631 /* 01.png */ = {isa = PBXFileReference; lastKnownFileType = image.png; path = 01.png; sourceTree = "<group>"; };
		36203D092674DE81009D9631 /* 05.png */ = {isa = PBXFileReference; lastKnownFileType = image.png; path = 05.png; sourceTree = "<group>"; };
		36203D0A2674DE81009D9631 /* 06.png */ = {isa = PBXFileReference; lastKnownFileType = image.png; path = 06.png; sourceTree = "<group>"; };
		36203D0B2674DE81009D9631 /* 03.png */ = {isa = PBXFileReference; lastKnownFileType = image.png; path = 03.png; sourceTree = "<group>"; };
		36203D0C2674DE82009D9631 /* 02.png */ = {isa = PBXFileReference; lastKnownFileType = image.png; path = 02.png; sourceTree = "<group>"; };
		36E2C85026735AAA00298199 /* 9_PageControl.app */ = {isa = PBXFileReference; explicitFileType = wrapper.application; includeInIndex = 0; path = 9_PageControl.app; sourceTree = BUILT_PRODUCTS_DIR; };
		36E2C85326735AAA00298199 /* AppDelegate.swift */ = {isa = PBXFileReference; lastKnownFileType = sourcecode.swift; path = AppDelegate.swift; sourceTree = "<group>"; };
		36E2C85526735AAA00298199 /* SceneDelegate.swift */ = {isa = PBXFileReference; lastKnownFileType = sourcecode.swift; path = SceneDelegate.swift; sourceTree = "<group>"; };
		36E2C85726735AAA00298199 /* ViewController.swift */ = {isa = PBXFileReference; lastKnownFileType = sourcecode.swift; path = ViewController.swift; sourceTree = "<group>"; };
		36E2C85A26735AAA00298199 /* Base */ = {isa = PBXFileReference; lastKnownFileType = file.storyboard; name = Base; path = Base.lproj/Main.storyboard; sourceTree = "<group>"; };
		36E2C85C26735AAB00298199 /* Assets.xcassets */ = {isa = PBXFileReference; lastKnownFileType = folder.assetcatalog; path = Assets.xcassets; sourceTree = "<group>"; };
		36E2C85F26735AAB00298199 /* Base */ = {isa = PBXFileReference; lastKnownFileType = file.storyboard; name = Base; path = Base.lproj/LaunchScreen.storyboard; sourceTree = "<group>"; };
		36E2C86126735AAB00298199 /* Info.plist */ = {isa = PBXFileReference; lastKnownFileType = text.plist.xml; path = Info.plist; sourceTree = "<group>"; };
/* End PBXFileReference section */

/* Begin PBXFrameworksBuildPhase section */
		36E2C84D26735AAA00298199 /* Frameworks */ = {
			isa = PBXFrameworksBuildPhase;
			buildActionMask = 2147483647;
			files = (
			);
			runOnlyForDeploymentPostprocessing = 0;
		};
/* End PBXFrameworksBuildPhase section */

/* Begin PBXGroup section */
		36203D062674DDFF009D9631 /* images */ = {
			isa = PBXGroup;
			children = (
				36203D082674DE81009D9631 /* 01.png */,
				36203D0C2674DE82009D9631 /* 02.png */,
				36203D0B2674DE81009D9631 /* 03.png */,
				36203D072674DE81009D9631 /* 04.png */,
				36203D092674DE81009D9631 /* 05.png */,
				36203D0A2674DE81009D9631 /* 06.png */,
			);
			path = images;
			sourceTree = "<group>";
		};
		36E2C84726735AAA00298199 = {
			isa = PBXGroup;
			children = (
				36E2C85226735AAA00298199 /* 9_PageControl */,
				36E2C85126735AAA00298199 /* Products */,
			);
			sourceTree = "<group>";
		};
		36E2C85126735AAA00298199 /* Products */ = {
			isa = PBXGroup;
			children = (
				36E2C85026735AAA00298199 /* 9_PageControl.app */,
			);
			name = Products;
			sourceTree = "<group>";
		};
		36E2C85226735AAA00298199 /* 9_PageControl */ = {
			isa = PBXGroup;
			children = (
				36203D062674DDFF009D9631 /* images */,
				36E2C85326735AAA00298199 /* AppDelegate.swift */,
				36E2C85526735AAA00298199 /* SceneDelegate.swift */,
				36E2C85726735AAA00298199 /* ViewController.swift */,
				36E2C85926735AAA00298199 /* Main.storyboard */,
				36E2C85C26735AAB00298199 /* Assets.xcassets */,
				36E2C85E26735AAB00298199 /* LaunchScreen.storyboard */,
				36E2C86126735AAB00298199 /* Info.plist */,
			);
			path = 9_PageControl;
			sourceTree = "<group>";
		};
/* End PBXGroup section */

/* Begin PBXNativeTarget section */
		36E2C84F26735AAA00298199 /* 9_PageControl */ = {
			isa = PBXNativeTarget;
			buildConfigurationList = 36E2C86426735AAB00298199 /* Build configuration list for PBXNativeTarget "9_PageControl" */;
			buildPhases = (
				36E2C84C26735AAA00298199 /* Sources */,
				36E2C84D26735AAA00298199 /* Frameworks */,
				36E2C84E26735AAA00298199 /* Resources */,
			);
			buildRules = (
			);
			dependencies = (
			);
			name = 9_PageControl;
			productName = 9_PageControl;
			productReference = 36E2C85026735AAA00298199 /* 9_PageControl.app */;
			productType = "com.apple.product-type.application";
		};
/* End PBXNativeTarget section */

/* Begin PBXProject section */
		36E2C84826735AAA00298199 /* Project object */ = {
			isa = PBXProject;
			attributes = {
				LastSwiftUpdateCheck = 1250;
				LastUpgradeCheck = 1250;
				TargetAttributes = {
					36E2C84F26735AAA00298199 = {
						CreatedOnToolsVersion = 12.5;
					};
				};
			};
			buildConfigurationList = 36E2C84B26735AAA00298199 /* Build configuration list for PBXProject "9_PageControl" */;
			compatibilityVersion = "Xcode 9.3";
			developmentRegion = en;
			hasScannedForEncodings = 0;
			knownRegions = (
				en,
				Base,
			);
			mainGroup = 36E2C84726735AAA00298199;
			productRefGroup = 36E2C85126735AAA00298199 /* Products */;
			projectDirPath = "";
			projectRoot = "";
			targets = (
				36E2C84F26735AAA00298199 /* 9_PageControl */,
			);
		};
/* End PBXProject section */

/* Begin PBXResourcesBuildPhase section */
		36E2C84E26735AAA00298199 /* Resources */ = {
			isa = PBXResourcesBuildPhase;
			buildActionMask = 2147483647;
			files = (
				36203D0E2674DE82009D9631 /* 01.png in Resources */,
				36E2C86026735AAB00298199 /* LaunchScreen.storyboard in Resources */,
				36203D0F2674DE82009D9631 /* 05.png in Resources */,
				36203D0D2674DE82009D9631 /* 04.png in Resources */,
				36203D112674DE82009D9631 /* 03.png in Resources */,
				36E2C85D26735AAB00298199 /* Assets.xcassets in Resources */,
				36203D102674DE82009D9631 /* 06.png in Resources */,
				36E2C85B26735AAA00298199 /* Main.storyboard in Resources */,
				36203D122674DE82009D9631 /* 02.png in Resources */,
			);
			runOnlyForDeploymentPostprocessing = 0;
		};
/* End PBXResourcesBuildPhase section */

/* Begin PBXSourcesBuildPhase section */
		36E2C84C26735AAA00298199 /* Sources */ = {
			isa = PBXSourcesBuildPhase;
			buildActionMask = 2147483647;
			files = (
				36E2C85826735AAA00298199 /* ViewController.swift in Sources */,
				36E2C85426735AAA00298199 /* AppDelegate.swift in Sources */,
				36E2C85626735AAA00298199 /* SceneDelegate.swift in Sources */,
			);
			runOnlyForDeploymentPostprocessing = 0;
		};
/* End PBXSourcesBuildPhase section */

/* Begin PBXVariantGroup section */
		36E2C85926735AAA00298199 /* Main.storyboard */ = {
			isa = PBXVariantGroup;
			children = (
				36E2C85A26735AAA00298199 /* Base */,
			);
			name = Main.storyboard;
			sourceTree = "<group>";
		};
		36E2C85E26735AAB00298199 /* LaunchScreen.storyboard */ = {
			isa = PBXVariantGroup;
			children = (
				36E2C85F26735AAB00298199 /* Base */,
			);
			name = LaunchScreen.storyboard;
			sourceTree = "<group>";
		};
/* End PBXVariantGroup section */

/* Begin XCBuildConfiguration section */
		36E2C86226735AAB00298199 /* Debug */ = {
			isa = XCBuildConfiguration;
			buildSettings = {
				ALWAYS_SEARCH_USER_PATHS = NO;
				CLANG_ANALYZER_NONNULL = YES;
				CLANG_ANALYZER_NUMBER_OBJECT_CONVERSION = YES_AGGRESSIVE;
				CLANG_CXX_LANGUAGE_STANDARD = "gnu++14";
				CLANG_CXX_LIBRARY = "libc++";
				CLANG_ENABLE_MODULES = YES;
				CLANG_ENABLE_OBJC_ARC = YES;
				CLANG_ENABLE_OBJC_WEAK = YES;
				CLANG_WARN_BLOCK_CAPTURE_AUTORELEASING = YES;
				CLANG_WARN_BOOL_CONVERSION = YES;
				CLANG_WARN_COMMA = YES;
				CLANG_WARN_CONSTANT_CONVERSION = YES;
				CLANG_WARN_DEPRECATED_OBJC_IMPLEMENTATIONS = YES;
				CLANG_WARN_DIRECT_OBJC_ISA_USAGE = YES_ERROR;
				CLANG_WARN_DOCUMENTATION_COMMENTS = YES;
				CLANG_WARN_EMPTY_BODY = YES;
				CLANG_WARN_ENUM_CONVERSION = YES;
				CLANG_WARN_INFINITE_RECURSION = YES;
				CLANG_WARN_INT_CONVERSION = YES;
				CLANG_WARN_NON_LITERAL_NULL_CONVERSION = YES;
				CLANG_WARN_OBJC_IMPLICIT_RETAIN_SELF = YES;
				CLANG_WARN_OBJC_LITERAL_CONVERSION = YES;
				CLANG_WARN_OBJC_ROOT_CLASS = YES_ERROR;
				CLANG_WARN_QUOTED_INCLUDE_IN_FRAMEWORK_HEADER = YES;
				CLANG_WARN_RANGE_LOOP_ANALYSIS = YES;
				CLANG_WARN_STRICT_PROTOTYPES = YES;
				CLANG_WARN_SUSPICIOUS_MOVE = YES;
				CLANG_WARN_UNGUARDED_AVAILABILITY = YES_AGGRESSIVE;
				CLANG_WARN_UNREACHABLE_CODE = YES;
				CLANG_WARN__DUPLICATE_METHOD_MATCH = YES;
				COPY_PHASE_STRIP = NO;
				DEBUG_INFORMATION_FORMAT = dwarf;
				ENABLE_STRICT_OBJC_MSGSEND = YES;
				ENABLE_TESTABILITY = YES;
				GCC_C_LANGUAGE_STANDARD = gnu11;
				GCC_DYNAMIC_NO_PIC = NO;
				GCC_NO_COMMON_BLOCKS = YES;
				GCC_OPTIMIZATION_LEVEL = 0;
				GCC_PREPROCESSOR_DEFINITIONS = (
					"DEBUG=1",
					"$(inherited)",
				);
				GCC_WARN_64_TO_32_BIT_CONVERSION = YES;
				GCC_WARN_ABOUT_RETURN_TYPE = YES_ERROR;
				GCC_WARN_UNDECLARED_SELECTOR = YES;
				GCC_WARN_UNINITIALIZED_AUTOS = YES_AGGRESSIVE;
				GCC_WARN_UNUSED_FUNCTION = YES;
				GCC_WARN_UNUSED_VARIABLE = YES;
				IPHONEOS_DEPLOYMENT_TARGET = 14.5;
				MTL_ENABLE_DEBUG_INFO = INCLUDE_SOURCE;
				MTL_FAST_MATH = YES;
				ONLY_ACTIVE_ARCH = YES;
				SDKROOT = iphoneos;
				SWIFT_ACTIVE_COMPILATION_CONDITIONS = DEBUG;
				SWIFT_OPTIMIZATION_LEVEL = "-Onone";
			};
			name = Debug;
		};
		36E2C86326735AAB00298199 /* Release */ = {
			isa = XCBuildConfiguration;
			buildSettings = {
				ALWAYS_SEARCH_USER_PATHS = NO;
				CLANG_ANALYZER_NONNULL = YES;
				CLANG_ANALYZER_NUMBER_OBJECT_CONVERSION = YES_AGGRESSIVE;
				CLANG_CXX_LANGUAGE_STANDARD = "gnu++14";
				CLANG_CXX_LIBRARY = "libc++";
				CLANG_ENABLE_MODULES = YES;
				CLANG_ENABLE_OBJC_ARC = YES;
				CLANG_ENABLE_OBJC_WEAK = YES;
				CLANG_WARN_BLOCK_CAPTURE_AUTORELEASING = YES;
				CLANG_WARN_BOOL_CONVERSION = YES;
				CLANG_WARN_COMMA = YES;
				CLANG_WARN_CONSTANT_CONVERSION = YES;
				CLANG_WARN_DEPRECATED_OBJC_IMPLEMENTATIONS = YES;
				CLANG_WARN_DIRECT_OBJC_ISA_USAGE = YES_ERROR;
				CLANG_WARN_DOCUMENTATION_COMMENTS = YES;
				CLANG_WARN_EMPTY_BODY = YES;
				CLANG_WARN_ENUM_CONVERSION = YES;
				CLANG_WARN_INFINITE_RECURSION = YES;
				CLANG_WARN_INT_CONVERSION = YES;
				CLANG_WARN_NON_LITERAL_NULL_CONVERSION = YES;
				CLANG_WARN_OBJC_IMPLICIT_RETAIN_SELF = YES;
				CLANG_WARN_OBJC_LITERAL_CONVERSION = YES;
				CLANG_WARN_OBJC_ROOT_CLASS = YES_ERROR;
				CLANG_WARN_QUOTED_INCLUDE_IN_FRAMEWORK_HEADER = YES;
				CLANG_WARN_RANGE_LOOP_ANALYSIS = YES;
				CLANG_WARN_STRICT_PROTOTYPES = YES;
				CLANG_WARN_SUSPICIOUS_MOVE = YES;
				CLANG_WARN_UNGUARDED_AVAILABILITY = YES_AGGRESSIVE;
				CLANG_WARN_UNREACHABLE_CODE = YES;
				CLANG_WARN__DUPLICATE_METHOD_MATCH = YES;
				COPY_PHASE_STRIP = NO;
				DEBUG_INFORMATION_FORMAT = "dwarf-with-dsym";
				ENABLE_NS_ASSERTIONS = NO;
				ENABLE_STRICT_OBJC_MSGSEND = YES;
				GCC_C_LANGUAGE_STANDARD = gnu11;
				GCC_NO_COMMON_BLOCKS = YES;
				GCC_WARN_64_TO_32_BIT_CONVERSION = YES;
				GCC_WARN_ABOUT_RETURN_TYPE = YES_ERROR;
				GCC_WARN_UNDECLARED_SELECTOR = YES;
				GCC_WARN_UNINITIALIZED_AUTOS = YES_AGGRESSIVE;
				GCC_WARN_UNUSED_FUNCTION = YES;
				GCC_WARN_UNUSED_VARIABLE = YES;
				IPHONEOS_DEPLOYMENT_TARGET = 14.5;
				MTL_ENABLE_DEBUG_INFO = NO;
				MTL_FAST_MATH = YES;
				SDKROOT = iphoneos;
				SWIFT_COMPILATION_MODE = wholemodule;
				SWIFT_OPTIMIZATION_LEVEL = "-O";
				VALIDATE_PRODUCT = YES;
			};
			name = Release;
		};
		36E2C86526735AAB00298199 /* Debug */ = {
			isa = XCBuildConfiguration;
			buildSettings = {
				ASSETCATALOG_COMPILER_APPICON_NAME = AppIcon;
				ASSETCATALOG_COMPILER_GLOBAL_ACCENT_COLOR_NAME = AccentColor;
				CODE_SIGN_STYLE = Automatic;
				INFOPLIST_FILE = 9_PageControl/Info.plist;
				LD_RUNPATH_SEARCH_PATHS = (
					"$(inherited)",
					"@executable_path/Frameworks",
				);
				PRODUCT_BUNDLE_IDENTIFIER = "KevinSon.--PageControl";
				PRODUCT_NAME = "$(TARGET_NAME)";
				SWIFT_VERSION = 5.0;
				TARGETED_DEVICE_FAMILY = "1,2";
			};
			name = Debug;
		};
		36E2C86626735AAB00298199 /* Release */ = {
			isa = XCBuildConfiguration;
			buildSettings = {
				ASSETCATALOG_COMPILER_APPICON_NAME = AppIcon;
				ASSETCATALOG_COMPILER_GLOBAL_ACCENT_COLOR_NAME = AccentColor;
				CODE_SIGN_STYLE = Automatic;
				INFOPLIST_FILE = 9_PageControl/Info.plist;
				LD_RUNPATH_SEARCH_PATHS = (
					"$(inherited)",
					"@executable_path/Frameworks",
				);
				PRODUCT_BUNDLE_IDENTIFIER = "KevinSon.--PageControl";
				PRODUCT_NAME = "$(TARGET_NAME)";
				SWIFT_VERSION = 5.0;
				TARGETED_DEVICE_FAMILY = "1,2";
			};
			name = Release;
		};
/* End XCBuildConfiguration section */

/* Begin XCConfigurationList section */
		36E2C84B26735AAA00298199 /* Build configuration list for PBXProject "9_PageControl" */ = {
			isa = XCConfigurationList;
			buildConfigurations = (
				36E2C86226735AAB00298199 /* Debug */,
				36E2C86326735AAB00298199 /* Release */,
			);
			defaultConfigurationIsVisible = 0;
			defaultConfigurationName = Release;
		};
		36E2C86426735AAB00298199 /* Build configuration list for PBXNativeTarget "9_PageControl" */ = {
			isa = XCConfigurationList;
			buildConfigurations = (
				36E2C86526735AAB00298199 /* Debug */,
				36E2C86626735AAB00298199 /* Release */,
			);
			defaultConfigurationIsVisible = 0;
			defaultConfigurationName = Release;
		};
/* End XCConfigurationList section */
	};
	rootObject = 36E2C84826735AAA00298199 /* Project object */;
}
