// !$*UTF8*$!
{
	archiveVersion = 1;
	classes = {
	};
	objectVersion = 50;
	objects = {

/* Begin PBXBuildFile section */
		361F7C4726773F6200E346EC /* lamp_off.png in Resources */ = {isa = PBXBuildFile; fileRef = 361F7C4526773F6200E346EC /* lamp_off.png */; };
		361F7C4826773F6200E346EC /* lamp_on.png in Resources */ = {isa = PBXBuildFile; fileRef = 361F7C4626773F6200E346EC /* lamp_on.png */; };
		361F7C4A26773FC800E346EC /* ImageViewforTabBar.swift in Sources */ = {isa = PBXBuildFile; fileRef = 361F7C4926773FC800E346EC /* ImageViewforTabBar.swift */; };
		361F7C4C2677501900E346EC /* DatePickerforTabBar.swift in Sources */ = {isa = PBXBuildFile; fileRef = 361F7C4B2677501900E346EC /* DatePickerforTabBar.swift */; };
		361F7C4E267766AB00E346EC /* File.png in Resources */ = {isa = PBXBuildFile; fileRef = 361F7C4D267766AB00E346EC /* File.png */; };
		36203D6C2675EB95009D9631 /* AppDelegate.swift in Sources */ = {isa = PBXBuildFile; fileRef = 36203D6B2675EB95009D9631 /* AppDelegate.swift */; };
		36203D6E2675EB95009D9631 /* SceneDelegate.swift in Sources */ = {isa = PBXBuildFile; fileRef = 36203D6D2675EB95009D9631 /* SceneDelegate.swift */; };
		36203D702675EB95009D9631 /* ViewController.swift in Sources */ = {isa = PBXBuildFile; fileRef = 36203D6F2675EB95009D9631 /* ViewController.swift */; };
		36203D732675EB95009D9631 /* Main.storyboard in Resources */ = {isa = PBXBuildFile; fileRef = 36203D712675EB95009D9631 /* Main.storyboard */; };
		36203D752675EB96009D9631 /* Assets.xcassets in Resources */ = {isa = PBXBuildFile; fileRef = 36203D742675EB96009D9631 /* Assets.xcassets */; };
		36203D782675EB96009D9631 /* LaunchScreen.storyboard in Resources */ = {isa = PBXBuildFile; fileRef = 36203D762675EB96009D9631 /* LaunchScreen.storyboard */; };
/* End PBXBuildFile section */

/* Begin PBXFileReference section */
		361F7C4526773F6200E346EC /* lamp_off.png */ = {isa = PBXFileReference; lastKnownFileType = image.png; name = lamp_off.png; path = ../../2_ImageView/2_ImageView/lamp_off.png; sourceTree = "<group>"; };
		361F7C4626773F6200E346EC /* lamp_on.png */ = {isa = PBXFileReference; lastKnownFileType = image.png; name = lamp_on.png; path = ../../2_ImageView/2_ImageView/lamp_on.png; sourceTree = "<group>"; };
		361F7C4926773FC800E346EC /* ImageViewforTabBar.swift */ = {isa = PBXFileReference; fileEncoding = 4; lastKnownFileType = sourcecode.swift; name = ImageViewforTabBar.swift; path = ../../2_ImageView/2_ImageView/2_ImageView/ImageViewforTabBar.swift; sourceTree = "<group>"; };
		361F7C4B2677501900E346EC /* DatePickerforTabBar.swift */ = {isa = PBXFileReference; fileEncoding = 4; lastKnownFileType = sourcecode.swift; name = DatePickerforTabBar.swift; path = "../../4_DatePicker/4 DatePicker/DatePicker/DatePickerforTabBar.swift"; sourceTree = "<group>"; };
		361F7C4D267766AB00E346EC /* File.png */ = {isa = PBXFileReference; lastKnownFileType = image.png; path = File.png; sourceTree = "<group>"; };
		36203D682675EB95009D9631 /* 10_TapBarController.app */ = {isa = PBXFileReference; explicitFileType = wrapper.application; includeInIndex = 0; path = 10_TapBarController.app; sourceTree = BUILT_PRODUCTS_DIR; };
		36203D6B2675EB95009D9631 /* AppDelegate.swift */ = {isa = PBXFileReference; lastKnownFileType = sourcecode.swift; path = AppDelegate.swift; sourceTree = "<group>"; };
		36203D6D2675EB95009D9631 /* SceneDelegate.swift */ = {isa = PBXFileReference; lastKnownFileType = sourcecode.swift; path = SceneDelegate.swift; sourceTree = "<group>"; };
		36203D6F2675EB95009D9631 /* ViewController.swift */ = {isa = PBXFileReference; lastKnownFileType = sourcecode.swift; path = ViewController.swift; sourceTree = "<group>"; };
		36203D722675EB95009D9631 /* Base */ = {isa = PBXFileReference; lastKnownFileType = file.storyboard; name = Base; path = Base.lproj/Main.storyboard; sourceTree = "<group>"; };
		36203D742675EB96009D9631 /* Assets.xcassets */ = {isa = PBXFileReference; lastKnownFileType = folder.assetcatalog; path = Assets.xcassets; sourceTree = "<group>"; };
		36203D772675EB96009D9631 /* Base */ = {isa = PBXFileReference; lastKnownFileType = file.storyboard; name = Base; path = Base.lproj/LaunchScreen.storyboard; sourceTree = "<group>"; };
		36203D792675EB96009D9631 /* Info.plist */ = {isa = PBXFileReference; lastKnownFileType = text.plist.xml; path = Info.plist; sourceTree = "<group>"; };
/* End PBXFileReference section */

/* Begin PBXFrameworksBuildPhase section */
		36203D652675EB95009D9631 /* Frameworks */ = {
			isa = PBXFrameworksBuildPhase;
			buildActionMask = 2147483647;
			files = (
			);
			runOnlyForDeploymentPostprocessing = 0;
		};
/* End PBXFrameworksBuildPhase section */

/* Begin PBXGroup section */
		36203D5F2675EB95009D9631 = {
			isa = PBXGroup;
			children = (
				36203D6A2675EB95009D9631 /* 10_TapBarController */,
				36203D692675EB95009D9631 /* Products */,
			);
			sourceTree = "<group>";
		};
		36203D692675EB95009D9631 /* Products */ = {
			isa = PBXGroup;
			children = (
				36203D682675EB95009D9631 /* 10_TapBarController.app */,
			);
			name = Products;
			sourceTree = "<group>";
		};
		36203D6A2675EB95009D9631 /* 10_TapBarController */ = {
			isa = PBXGroup;
			children = (
				361F7C4526773F6200E346EC /* lamp_off.png */,
				361F7C4626773F6200E346EC /* lamp_on.png */,
				361F7C4D267766AB00E346EC /* File.png */,
				361F7C4926773FC800E346EC /* ImageViewforTabBar.swift */,
				361F7C4B2677501900E346EC /* DatePickerforTabBar.swift */,
				36203D6B2675EB95009D9631 /* AppDelegate.swift */,
				36203D6D2675EB95009D9631 /* SceneDelegate.swift */,
				36203D6F2675EB95009D9631 /* ViewController.swift */,
				36203D712675EB95009D9631 /* Main.storyboard */,
				36203D742675EB96009D9631 /* Assets.xcassets */,
				36203D762675EB96009D9631 /* LaunchScreen.storyboard */,
				36203D792675EB96009D9631 /* Info.plist */,
			);
			path = 10_TapBarController;
			sourceTree = "<group>";
		};
/* End PBXGroup section */

/* Begin PBXNativeTarget section */
		36203D672675EB95009D9631 /* 10_TapBarController */ = {
			isa = PBXNativeTarget;
			buildConfigurationList = 36203D7C2675EB96009D9631 /* Build configuration list for PBXNativeTarget "10_TapBarController" */;
			buildPhases = (
				36203D642675EB95009D9631 /* Sources */,
				36203D652675EB95009D9631 /* Frameworks */,
				36203D662675EB95009D9631 /* Resources */,
			);
			buildRules = (
			);
			dependencies = (
			);
			name = 10_TapBarController;
			productName = 10_TapBarController;
			productReference = 36203D682675EB95009D9631 /* 10_TapBarController.app */;
			productType = "com.apple.product-type.application";
		};
/* End PBXNativeTarget section */

/* Begin PBXProject section */
		36203D602675EB95009D9631 /* Project object */ = {
			isa = PBXProject;
			attributes = {
				LastSwiftUpdateCheck = 1250;
				LastUpgradeCheck = 1250;
				TargetAttributes = {
					36203D672675EB95009D9631 = {
						CreatedOnToolsVersion = 12.5;
					};
				};
			};
			buildConfigurationList = 36203D632675EB95009D9631 /* Build configuration list for PBXProject "10_TapBarController" */;
			compatibilityVersion = "Xcode 9.3";
			developmentRegion = en;
			hasScannedForEncodings = 0;
			knownRegions = (
				en,
				Base,
			);
			mainGroup = 36203D5F2675EB95009D9631;
			productRefGroup = 36203D692675EB95009D9631 /* Products */;
			projectDirPath = "";
			projectRoot = "";
			targets = (
				36203D672675EB95009D9631 /* 10_TapBarController */,
			);
		};
/* End PBXProject section */

/* Begin PBXResourcesBuildPhase section */
		36203D662675EB95009D9631 /* Resources */ = {
			isa = PBXResourcesBuildPhase;
			buildActionMask = 2147483647;
			files = (
				36203D782675EB96009D9631 /* LaunchScreen.storyboard in Resources */,
				36203D752675EB96009D9631 /* Assets.xcassets in Resources */,
				361F7C4826773F6200E346EC /* lamp_on.png in Resources */,
				361F7C4E267766AB00E346EC /* File.png in Resources */,
				36203D732675EB95009D9631 /* Main.storyboard in Resources */,
				361F7C4726773F6200E346EC /* lamp_off.png in Resources */,
			);
			runOnlyForDeploymentPostprocessing = 0;
		};
/* End PBXResourcesBuildPhase section */

/* Begin PBXSourcesBuildPhase section */
		36203D642675EB95009D9631 /* Sources */ = {
			isa = PBXSourcesBuildPhase;
			buildActionMask = 2147483647;
			files = (
				361F7C4A26773FC800E346EC /* ImageViewforTabBar.swift in Sources */,
				36203D702675EB95009D9631 /* ViewController.swift in Sources */,
				361F7C4C2677501900E346EC /* DatePickerforTabBar.swift in Sources */,
				36203D6C2675EB95009D9631 /* AppDelegate.swift in Sources */,
				36203D6E2675EB95009D9631 /* SceneDelegate.swift in Sources */,
			);
			runOnlyForDeploymentPostprocessing = 0;
		};
/* End PBXSourcesBuildPhase section */

/* Begin PBXVariantGroup section */
		36203D712675EB95009D9631 /* Main.storyboard */ = {
			isa = PBXVariantGroup;
			children = (
				36203D722675EB95009D9631 /* Base */,
			);
			name = Main.storyboard;
			sourceTree = "<group>";
		};
		36203D762675EB96009D9631 /* LaunchScreen.storyboard */ = {
			isa = PBXVariantGroup;
			children = (
				36203D772675EB96009D9631 /* Base */,
			);
			name = LaunchScreen.storyboard;
			sourceTree = "<group>";
		};
/* End PBXVariantGroup section */

/* Begin XCBuildConfiguration section */
		36203D7A2675EB96009D9631 /* Debug */ = {
			isa = XCBuildConfiguration;
			buildSettings = {
				ALWAYS_SEARCH_USER_PATHS = NO;
				CLANG_ANALYZER_NONNULL = YES;
				CLANG_ANALYZER_NUMBER_OBJECT_CONVERSION = YES_AGGRESSIVE;
				CLANG_CXX_LANGUAGE_STANDARD = "gnu++14";
				CLANG_CXX_LIBRARY = "libc++";
				CLANG_ENABLE_MODULES = YES;
				CLANG_ENABLE_OBJC_ARC = YES;
				CLANG_ENABLE_OBJC_WEAK = YES;
				CLANG_WARN_BLOCK_CAPTURE_AUTORELEASING = YES;
				CLANG_WARN_BOOL_CONVERSION = YES;
				CLANG_WARN_COMMA = YES;
				CLANG_WARN_CONSTANT_CONVERSION = YES;
				CLANG_WARN_DEPRECATED_OBJC_IMPLEMENTATIONS = YES;
				CLANG_WARN_DIRECT_OBJC_ISA_USAGE = YES_ERROR;
				CLANG_WARN_DOCUMENTATION_COMMENTS = YES;
				CLANG_WARN_EMPTY_BODY = YES;
				CLANG_WARN_ENUM_CONVERSION = YES;
				CLANG_WARN_INFINITE_RECURSION = YES;
				CLANG_WARN_INT_CONVERSION = YES;
				CLANG_WARN_NON_LITERAL_NULL_CONVERSION = YES;
				CLANG_WARN_OBJC_IMPLICIT_RETAIN_SELF = YES;
				CLANG_WARN_OBJC_LITERAL_CONVERSION = YES;
				CLANG_WARN_OBJC_ROOT_CLASS = YES_ERROR;
				CLANG_WARN_QUOTED_INCLUDE_IN_FRAMEWORK_HEADER = YES;
				CLANG_WARN_RANGE_LOOP_ANALYSIS = YES;
				CLANG_WARN_STRICT_PROTOTYPES = YES;
				CLANG_WARN_SUSPICIOUS_MOVE = YES;
				CLANG_WARN_UNGUARDED_AVAILABILITY = YES_AGGRESSIVE;
				CLANG_WARN_UNREACHABLE_CODE = YES;
				CLANG_WARN__DUPLICATE_METHOD_MATCH = YES;
				COPY_PHASE_STRIP = NO;
				DEBUG_INFORMATION_FORMAT = dwarf;
				ENABLE_STRICT_OBJC_MSGSEND = YES;
				ENABLE_TESTABILITY = YES;
				GCC_C_LANGUAGE_STANDARD = gnu11;
				GCC_DYNAMIC_NO_PIC = NO;
				GCC_NO_COMMON_BLOCKS = YES;
				GCC_OPTIMIZATION_LEVEL = 0;
				GCC_PREPROCESSOR_DEFINITIONS = (
					"DEBUG=1",
					"$(inherited)",
				);
				GCC_WARN_64_TO_32_BIT_CONVERSION = YES;
				GCC_WARN_ABOUT_RETURN_TYPE = YES_ERROR;
				GCC_WARN_UNDECLARED_SELECTOR = YES;
				GCC_WARN_UNINITIALIZED_AUTOS = YES_AGGRESSIVE;
				GCC_WARN_UNUSED_FUNCTION = YES;
				GCC_WARN_UNUSED_VARIABLE = YES;
				IPHONEOS_DEPLOYMENT_TARGET = 14.5;
				MTL_ENABLE_DEBUG_INFO = INCLUDE_SOURCE;
				MTL_FAST_MATH = YES;
				ONLY_ACTIVE_ARCH = YES;
				SDKROOT = iphoneos;
				SWIFT_ACTIVE_COMPILATION_CONDITIONS = DEBUG;
				SWIFT_OPTIMIZATION_LEVEL = "-Onone";
			};
			name = Debug;
		};
		36203D7B2675EB96009D9631 /* Release */ = {
			isa = XCBuildConfiguration;
			buildSettings = {
				ALWAYS_SEARCH_USER_PATHS = NO;
				CLANG_ANALYZER_NONNULL = YES;
				CLANG_ANALYZER_NUMBER_OBJECT_CONVERSION = YES_AGGRESSIVE;
				CLANG_CXX_LANGUAGE_STANDARD = "gnu++14";
				CLANG_CXX_LIBRARY = "libc++";
				CLANG_ENABLE_MODULES = YES;
				CLANG_ENABLE_OBJC_ARC = YES;
				CLANG_ENABLE_OBJC_WEAK = YES;
				CLANG_WARN_BLOCK_CAPTURE_AUTORELEASING = YES;
				CLANG_WARN_BOOL_CONVERSION = YES;
				CLANG_WARN_COMMA = YES;
				CLANG_WARN_CONSTANT_CONVERSION = YES;
				CLANG_WARN_DEPRECATED_OBJC_IMPLEMENTATIONS = YES;
				CLANG_WARN_DIRECT_OBJC_ISA_USAGE = YES_ERROR;
				CLANG_WARN_DOCUMENTATION_COMMENTS = YES;
				CLANG_WARN_EMPTY_BODY = YES;
				CLANG_WARN_ENUM_CONVERSION = YES;
				CLANG_WARN_INFINITE_RECURSION = YES;
				CLANG_WARN_INT_CONVERSION = YES;
				CLANG_WARN_NON_LITERAL_NULL_CONVERSION = YES;
				CLANG_WARN_OBJC_IMPLICIT_RETAIN_SELF = YES;
				CLANG_WARN_OBJC_LITERAL_CONVERSION = YES;
				CLANG_WARN_OBJC_ROOT_CLASS = YES_ERROR;
				CLANG_WARN_QUOTED_INCLUDE_IN_FRAMEWORK_HEADER = YES;
				CLANG_WARN_RANGE_LOOP_ANALYSIS = YES;
				CLANG_WARN_STRICT_PROTOTYPES = YES;
				CLANG_WARN_SUSPICIOUS_MOVE = YES;
				CLANG_WARN_UNGUARDED_AVAILABILITY = YES_AGGRESSIVE;
				CLANG_WARN_UNREACHABLE_CODE = YES;
				CLANG_WARN__DUPLICATE_METHOD_MATCH = YES;
				COPY_PHASE_STRIP = NO;
				DEBUG_INFORMATION_FORMAT = "dwarf-with-dsym";
				ENABLE_NS_ASSERTIONS = NO;
				ENABLE_STRICT_OBJC_MSGSEND = YES;
				GCC_C_LANGUAGE_STANDARD = gnu11;
				GCC_NO_COMMON_BLOCKS = YES;
				GCC_WARN_64_TO_32_BIT_CONVERSION = YES;
				GCC_WARN_ABOUT_RETURN_TYPE = YES_ERROR;
				GCC_WARN_UNDECLARED_SELECTOR = YES;
				GCC_WARN_UNINITIALIZED_AUTOS = YES_AGGRESSIVE;
				GCC_WARN_UNUSED_FUNCTION = YES;
				GCC_WARN_UNUSED_VARIABLE = YES;
				IPHONEOS_DEPLOYMENT_TARGET = 14.5;
				MTL_ENABLE_DEBUG_INFO = NO;
				MTL_FAST_MATH = YES;
				SDKROOT = iphoneos;
				SWIFT_COMPILATION_MODE = wholemodule;
				SWIFT_OPTIMIZATION_LEVEL = "-O";
				VALIDATE_PRODUCT = YES;
			};
			name = Release;
		};
		36203D7D2675EB96009D9631 /* Debug */ = {
			isa = XCBuildConfiguration;
			buildSettings = {
				ASSETCATALOG_COMPILER_APPICON_NAME = AppIcon;
				ASSETCATALOG_COMPILER_GLOBAL_ACCENT_COLOR_NAME = AccentColor;
				CODE_SIGN_STYLE = Automatic;
				INFOPLIST_FILE = 10_TapBarController/Info.plist;
				LD_RUNPATH_SEARCH_PATHS = (
					"$(inherited)",
					"@executable_path/Frameworks",
				);
				PRODUCT_BUNDLE_IDENTIFIER = "KevinSon.-0-TapBarController";
				PRODUCT_NAME = "$(TARGET_NAME)";
				SWIFT_VERSION = 5.0;
				TARGETED_DEVICE_FAMILY = "1,2";
			};
			name = Debug;
		};
		36203D7E2675EB96009D9631 /* Release */ = {
			isa = XCBuildConfiguration;
			buildSettings = {
				ASSETCATALOG_COMPILER_APPICON_NAME = AppIcon;
				ASSETCATALOG_COMPILER_GLOBAL_ACCENT_COLOR_NAME = AccentColor;
				CODE_SIGN_STYLE = Automatic;
				INFOPLIST_FILE = 10_TapBarController/Info.plist;
				LD_RUNPATH_SEARCH_PATHS = (
					"$(inherited)",
					"@executable_path/Frameworks",
				);
				PRODUCT_BUNDLE_IDENTIFIER = "KevinSon.-0-TapBarController";
				PRODUCT_NAME = "$(TARGET_NAME)";
				SWIFT_VERSION = 5.0;
				TARGETED_DEVICE_FAMILY = "1,2";
			};
			name = Release;
		};
/* End XCBuildConfiguration section */

/* Begin XCConfigurationList section */
		36203D632675EB95009D9631 /* Build configuration list for PBXProject "10_TapBarController" */ = {
			isa = XCConfigurationList;
			buildConfigurations = (
				36203D7A2675EB96009D9631 /* Debug */,
				36203D7B2675EB96009D9631 /* Release */,
			);
			defaultConfigurationIsVisible = 0;
			defaultConfigurationName = Release;
		};
		36203D7C2675EB96009D9631 /* Build configuration list for PBXNativeTarget "10_TapBarController" */ = {
			isa = XCConfigurationList;
			buildConfigurations = (
				36203D7D2675EB96009D9631 /* Debug */,
				36203D7E2675EB96009D9631 /* Release */,
			);
			defaultConfigurationIsVisible = 0;
			defaultConfigurationName = Release;
		};
/* End XCConfigurationList section */
	};
	rootObject = 36203D602675EB95009D9631 /* Project object */;
}
