// !$*UTF8*$!
{
	archiveVersion = 1;
	classes = {
	};
	objectVersion = 50;
	objects = {

/* Begin PBXBuildFile section */
		361F7C8626779BF500E346EC /* AppDelegate.swift in Sources */ = {isa = PBXBuildFile; fileRef = 361F7C8526779BF500E346EC /* AppDelegate.swift */; };
		361F7C8826779BF500E346EC /* SceneDelegate.swift in Sources */ = {isa = PBXBuildFile; fileRef = 361F7C8726779BF500E346EC /* SceneDelegate.swift */; };
		361F7C8A26779BF500E346EC /* ViewController.swift in Sources */ = {isa = PBXBuildFile; fileRef = 361F7C8926779BF500E346EC /* ViewController.swift */; };
		361F7C8D26779BF500E346EC /* Main.storyboard in Resources */ = {isa = PBXBuildFile; fileRef = 361F7C8B26779BF500E346EC /* Main.storyboard */; };
		361F7C8F26779BF500E346EC /* Assets.xcassets in Resources */ = {isa = PBXBuildFile; fileRef = 361F7C8E26779BF500E346EC /* Assets.xcassets */; };
		361F7C9226779BF500E346EC /* LaunchScreen.storyboard in Resources */ = {isa = PBXBuildFile; fileRef = 361F7C9026779BF500E346EC /* LaunchScreen.storyboard */; };
		361F7C9B26779D0900E346EC /* lamp_on.png in Resources */ = {isa = PBXBuildFile; fileRef = 361F7C9926779D0900E346EC /* lamp_on.png */; };
		361F7C9C26779D0900E346EC /* lamp_off.png in Resources */ = {isa = PBXBuildFile; fileRef = 361F7C9A26779D0900E346EC /* lamp_off.png */; };
		361F7C9E26779D1600E346EC /* ImageViewforTabBar.swift in Sources */ = {isa = PBXBuildFile; fileRef = 361F7C9D26779D1600E346EC /* ImageViewforTabBar.swift */; };
		361F7CA026779D8400E346EC /* DatePickerforTabBar.swift in Sources */ = {isa = PBXBuildFile; fileRef = 361F7C9F26779D8400E346EC /* DatePickerforTabBar.swift */; };
		361F7CAB26779DF900E346EC /* 6.jpg in Resources */ = {isa = PBXBuildFile; fileRef = 361F7CA126779DF900E346EC /* 6.jpg */; };
		361F7CAC26779DF900E346EC /* 4.jpg in Resources */ = {isa = PBXBuildFile; fileRef = 361F7CA226779DF900E346EC /* 4.jpg */; };
		361F7CAD26779DF900E346EC /* 8.jpg in Resources */ = {isa = PBXBuildFile; fileRef = 361F7CA326779DF900E346EC /* 8.jpg */; };
		361F7CAE26779DF900E346EC /* 5.jpg in Resources */ = {isa = PBXBuildFile; fileRef = 361F7CA426779DF900E346EC /* 5.jpg */; };
		361F7CAF26779DF900E346EC /* 10.jpg in Resources */ = {isa = PBXBuildFile; fileRef = 361F7CA526779DF900E346EC /* 10.jpg */; };
		361F7CB026779DF900E346EC /* 1.jpg in Resources */ = {isa = PBXBuildFile; fileRef = 361F7CA626779DF900E346EC /* 1.jpg */; };
		361F7CB126779DF900E346EC /* 9.jpg in Resources */ = {isa = PBXBuildFile; fileRef = 361F7CA726779DF900E346EC /* 9.jpg */; };
		361F7CB226779DF900E346EC /* 3.jpg in Resources */ = {isa = PBXBuildFile; fileRef = 361F7CA826779DF900E346EC /* 3.jpg */; };
		361F7CB326779DF900E346EC /* 2.jpg in Resources */ = {isa = PBXBuildFile; fileRef = 361F7CA926779DF900E346EC /* 2.jpg */; };
		361F7CB426779DF900E346EC /* 7.jpg in Resources */ = {isa = PBXBuildFile; fileRef = 361F7CAA26779DF900E346EC /* 7.jpg */; };
		361F7CB626779E2600E346EC /* PickerViewforTabBar.swift in Sources */ = {isa = PBXBuildFile; fileRef = 361F7CB526779E2600E346EC /* PickerViewforTabBar.swift */; };
		361F7CB826779F5800E346EC /* File.png in Resources */ = {isa = PBXBuildFile; fileRef = 361F7CB726779F5800E346EC /* File.png */; };
/* End PBXBuildFile section */

/* Begin PBXFileReference section */
		361F7C8226779BF500E346EC /* 10.2_NewTab.app */ = {isa = PBXFileReference; explicitFileType = wrapper.application; includeInIndex = 0; path = 10.2_NewTab.app; sourceTree = BUILT_PRODUCTS_DIR; };
		361F7C8526779BF500E346EC /* AppDelegate.swift */ = {isa = PBXFileReference; lastKnownFileType = sourcecode.swift; path = AppDelegate.swift; sourceTree = "<group>"; };
		361F7C8726779BF500E346EC /* SceneDelegate.swift */ = {isa = PBXFileReference; lastKnownFileType = sourcecode.swift; path = SceneDelegate.swift; sourceTree = "<group>"; };
		361F7C8926779BF500E346EC /* ViewController.swift */ = {isa = PBXFileReference; lastKnownFileType = sourcecode.swift; path = ViewController.swift; sourceTree = "<group>"; };
		361F7C8C26779BF500E346EC /* Base */ = {isa = PBXFileReference; lastKnownFileType = file.storyboard; name = Base; path = Base.lproj/Main.storyboard; sourceTree = "<group>"; };
		361F7C8E26779BF500E346EC /* Assets.xcassets */ = {isa = PBXFileReference; lastKnownFileType = folder.assetcatalog; path = Assets.xcassets; sourceTree = "<group>"; };
		361F7C9126779BF500E346EC /* Base */ = {isa = PBXFileReference; lastKnownFileType = file.storyboard; name = Base; path = Base.lproj/LaunchScreen.storyboard; sourceTree = "<group>"; };
		361F7C9326779BF500E346EC /* Info.plist */ = {isa = PBXFileReference; lastKnownFileType = text.plist.xml; path = Info.plist; sourceTree = "<group>"; };
		361F7C9926779D0900E346EC /* lamp_on.png */ = {isa = PBXFileReference; lastKnownFileType = image.png; name = lamp_on.png; path = ../../../2_ImageView/2_ImageView/lamp_on.png; sourceTree = "<group>"; };
		361F7C9A26779D0900E346EC /* lamp_off.png */ = {isa = PBXFileReference; lastKnownFileType = image.png; name = lamp_off.png; path = ../../../2_ImageView/2_ImageView/lamp_off.png; sourceTree = "<group>"; };
		361F7C9D26779D1600E346EC /* ImageViewforTabBar.swift */ = {isa = PBXFileReference; fileEncoding = 4; lastKnownFileType = sourcecode.swift; name = ImageViewforTabBar.swift; path = ../../../2_ImageView/2_ImageView/2_ImageView/ImageViewforTabBar.swift; sourceTree = "<group>"; };
		361F7C9F26779D8400E346EC /* DatePickerforTabBar.swift */ = {isa = PBXFileReference; fileEncoding = 4; lastKnownFileType = sourcecode.swift; name = DatePickerforTabBar.swift; path = "../../../4_DatePicker/4 DatePicker/DatePicker/DatePickerforTabBar.swift"; sourceTree = "<group>"; };
		361F7CA126779DF900E346EC /* 6.jpg */ = {isa = PBXFileReference; lastKnownFileType = image.jpeg; name = 6.jpg; path = ../../../5_PickerView/images/6.jpg; sourceTree = "<group>"; };
		361F7CA226779DF900E346EC /* 4.jpg */ = {isa = PBXFileReference; lastKnownFileType = image.jpeg; name = 4.jpg; path = ../../../5_PickerView/images/4.jpg; sourceTree = "<group>"; };
		361F7CA326779DF900E346EC /* 8.jpg */ = {isa = PBXFileReference; lastKnownFileType = image.jpeg; name = 8.jpg; path = ../../../5_PickerView/images/8.jpg; sourceTree = "<group>"; };
		361F7CA426779DF900E346EC /* 5.jpg */ = {isa = PBXFileReference; lastKnownFileType = image.jpeg; name = 5.jpg; path = ../../../5_PickerView/images/5.jpg; sourceTree = "<group>"; };
		361F7CA526779DF900E346EC /* 10.jpg */ = {isa = PBXFileReference; lastKnownFileType = image.jpeg; name = 10.jpg; path = ../../../5_PickerView/images/10.jpg; sourceTree = "<group>"; };
		361F7CA626779DF900E346EC /* 1.jpg */ = {isa = PBXFileReference; lastKnownFileType = image.jpeg; name = 1.jpg; path = ../../../5_PickerView/images/1.jpg; sourceTree = "<group>"; };
		361F7CA726779DF900E346EC /* 9.jpg */ = {isa = PBXFileReference; lastKnownFileType = image.jpeg; name = 9.jpg; path = ../../../5_PickerView/images/9.jpg; sourceTree = "<group>"; };
		361F7CA826779DF900E346EC /* 3.jpg */ = {isa = PBXFileReference; lastKnownFileType = image.jpeg; name = 3.jpg; path = ../../../5_PickerView/images/3.jpg; sourceTree = "<group>"; };
		361F7CA926779DF900E346EC /* 2.jpg */ = {isa = PBXFileReference; lastKnownFileType = image.jpeg; name = 2.jpg; path = ../../../5_PickerView/images/2.jpg; sourceTree = "<group>"; };
		361F7CAA26779DF900E346EC /* 7.jpg */ = {isa = PBXFileReference; lastKnownFileType = image.jpeg; name = 7.jpg; path = ../../../5_PickerView/images/7.jpg; sourceTree = "<group>"; };
		361F7CB526779E2600E346EC /* PickerViewforTabBar.swift */ = {isa = PBXFileReference; fileEncoding = 4; lastKnownFileType = sourcecode.swift; name = PickerViewforTabBar.swift; path = ../../../5_PickerView/5_PickerView/PickerViewforTabBar.swift; sourceTree = "<group>"; };
		361F7CB726779F5800E346EC /* File.png */ = {isa = PBXFileReference; lastKnownFileType = image.png; path = File.png; sourceTree = "<group>"; };
/* End PBXFileReference section */

/* Begin PBXFrameworksBuildPhase section */
		361F7C7F26779BF500E346EC /* Frameworks */ = {
			isa = PBXFrameworksBuildPhase;
			buildActionMask = 2147483647;
			files = (
			);
			runOnlyForDeploymentPostprocessing = 0;
		};
/* End PBXFrameworksBuildPhase section */

/* Begin PBXGroup section */
		361F7C7926779BF500E346EC = {
			isa = PBXGroup;
			children = (
				361F7C8426779BF500E346EC /* 10.2_NewTab */,
				361F7C8326779BF500E346EC /* Products */,
			);
			sourceTree = "<group>";
		};
		361F7C8326779BF500E346EC /* Products */ = {
			isa = PBXGroup;
			children = (
				361F7C8226779BF500E346EC /* 10.2_NewTab.app */,
			);
			name = Products;
			sourceTree = "<group>";
		};
		361F7C8426779BF500E346EC /* 10.2_NewTab */ = {
			isa = PBXGroup;
			children = (
				361F7C9A26779D0900E346EC /* lamp_off.png */,
				361F7C9926779D0900E346EC /* lamp_on.png */,
				361F7CB726779F5800E346EC /* File.png */,
				361F7CA626779DF900E346EC /* 1.jpg */,
				361F7CA926779DF900E346EC /* 2.jpg */,
				361F7CA826779DF900E346EC /* 3.jpg */,
				361F7CA226779DF900E346EC /* 4.jpg */,
				361F7CA426779DF900E346EC /* 5.jpg */,
				361F7CA126779DF900E346EC /* 6.jpg */,
				361F7CAA26779DF900E346EC /* 7.jpg */,
				361F7CA326779DF900E346EC /* 8.jpg */,
				361F7CA726779DF900E346EC /* 9.jpg */,
				361F7CA526779DF900E346EC /* 10.jpg */,
				361F7C9D26779D1600E346EC /* ImageViewforTabBar.swift */,
				361F7C9F26779D8400E346EC /* DatePickerforTabBar.swift */,
				361F7CB526779E2600E346EC /* PickerViewforTabBar.swift */,
				361F7C8526779BF500E346EC /* AppDelegate.swift */,
				361F7C8726779BF500E346EC /* SceneDelegate.swift */,
				361F7C8926779BF500E346EC /* ViewController.swift */,
				361F7C8B26779BF500E346EC /* Main.storyboard */,
				361F7C8E26779BF500E346EC /* Assets.xcassets */,
				361F7C9026779BF500E346EC /* LaunchScreen.storyboard */,
				361F7C9326779BF500E346EC /* Info.plist */,
			);
			path = 10.2_NewTab;
			sourceTree = "<group>";
		};
/* End PBXGroup section */

/* Begin PBXNativeTarget section */
		361F7C8126779BF500E346EC /* 10.2_NewTab */ = {
			isa = PBXNativeTarget;
			buildConfigurationList = 361F7C9626779BF500E346EC /* Build configuration list for PBXNativeTarget "10.2_NewTab" */;
			buildPhases = (
				361F7C7E26779BF500E346EC /* Sources */,
				361F7C7F26779BF500E346EC /* Frameworks */,
				361F7C8026779BF500E346EC /* Resources */,
			);
			buildRules = (
			);
			dependencies = (
			);
			name = 10.2_NewTab;
			productName = 10.2_NewTab;
			productReference = 361F7C8226779BF500E346EC /* 10.2_NewTab.app */;
			productType = "com.apple.product-type.application";
		};
/* End PBXNativeTarget section */

/* Begin PBXProject section */
		361F7C7A26779BF500E346EC /* Project object */ = {
			isa = PBXProject;
			attributes = {
				LastSwiftUpdateCheck = 1250;
				LastUpgradeCheck = 1250;
				TargetAttributes = {
					361F7C8126779BF500E346EC = {
						CreatedOnToolsVersion = 12.5;
					};
				};
			};
			buildConfigurationList = 361F7C7D26779BF500E346EC /* Build configuration list for PBXProject "10.2_NewTab" */;
			compatibilityVersion = "Xcode 9.3";
			developmentRegion = en;
			hasScannedForEncodings = 0;
			knownRegions = (
				en,
				Base,
			);
			mainGroup = 361F7C7926779BF500E346EC;
			productRefGroup = 361F7C8326779BF500E346EC /* Products */;
			projectDirPath = "";
			projectRoot = "";
			targets = (
				361F7C8126779BF500E346EC /* 10.2_NewTab */,
			);
		};
/* End PBXProject section */

/* Begin PBXResourcesBuildPhase section */
		361F7C8026779BF500E346EC /* Resources */ = {
			isa = PBXResourcesBuildPhase;
			buildActionMask = 2147483647;
			files = (
				361F7CB026779DF900E346EC /* 1.jpg in Resources */,
				361F7CAF26779DF900E346EC /* 10.jpg in Resources */,
				361F7CB326779DF900E346EC /* 2.jpg in Resources */,
				361F7CAB26779DF900E346EC /* 6.jpg in Resources */,
				361F7CAC26779DF900E346EC /* 4.jpg in Resources */,
				361F7CB226779DF900E346EC /* 3.jpg in Resources */,
				361F7C9B26779D0900E346EC /* lamp_on.png in Resources */,
				361F7CAE26779DF900E346EC /* 5.jpg in Resources */,
				361F7C9226779BF500E346EC /* LaunchScreen.storyboard in Resources */,
				361F7CAD26779DF900E346EC /* 8.jpg in Resources */,
				361F7C9C26779D0900E346EC /* lamp_off.png in Resources */,
				361F7CB826779F5800E346EC /* File.png in Resources */,
				361F7CB126779DF900E346EC /* 9.jpg in Resources */,
				361F7CB426779DF900E346EC /* 7.jpg in Resources */,
				361F7C8F26779BF500E346EC /* Assets.xcassets in Resources */,
				361F7C8D26779BF500E346EC /* Main.storyboard in Resources */,
			);
			runOnlyForDeploymentPostprocessing = 0;
		};
/* End PBXResourcesBuildPhase section */

/* Begin PBXSourcesBuildPhase section */
		361F7C7E26779BF500E346EC /* Sources */ = {
			isa = PBXSourcesBuildPhase;
			buildActionMask = 2147483647;
			files = (
				361F7C9E26779D1600E346EC /* ImageViewforTabBar.swift in Sources */,
				361F7C8A26779BF500E346EC /* ViewController.swift in Sources */,
				361F7CB626779E2600E346EC /* PickerViewforTabBar.swift in Sources */,
				361F7CA026779D8400E346EC /* DatePickerforTabBar.swift in Sources */,
				361F7C8626779BF500E346EC /* AppDelegate.swift in Sources */,
				361F7C8826779BF500E346EC /* SceneDelegate.swift in Sources */,
			);
			runOnlyForDeploymentPostprocessing = 0;
		};
/* End PBXSourcesBuildPhase section */

/* Begin PBXVariantGroup section */
		361F7C8B26779BF500E346EC /* Main.storyboard */ = {
			isa = PBXVariantGroup;
			children = (
				361F7C8C26779BF500E346EC /* Base */,
			);
			name = Main.storyboard;
			sourceTree = "<group>";
		};
		361F7C9026779BF500E346EC /* LaunchScreen.storyboard */ = {
			isa = PBXVariantGroup;
			children = (
				361F7C9126779BF500E346EC /* Base */,
			);
			name = LaunchScreen.storyboard;
			sourceTree = "<group>";
		};
/* End PBXVariantGroup section */

/* Begin XCBuildConfiguration section */
		361F7C9426779BF500E346EC /* Debug */ = {
			isa = XCBuildConfiguration;
			buildSettings = {
				ALWAYS_SEARCH_USER_PATHS = NO;
				CLANG_ANALYZER_NONNULL = YES;
				CLANG_ANALYZER_NUMBER_OBJECT_CONVERSION = YES_AGGRESSIVE;
				CLANG_CXX_LANGUAGE_STANDARD = "gnu++14";
				CLANG_CXX_LIBRARY = "libc++";
				CLANG_ENABLE_MODULES = YES;
				CLANG_ENABLE_OBJC_ARC = YES;
				CLANG_ENABLE_OBJC_WEAK = YES;
				CLANG_WARN_BLOCK_CAPTURE_AUTORELEASING = YES;
				CLANG_WARN_BOOL_CONVERSION = YES;
				CLANG_WARN_COMMA = YES;
				CLANG_WARN_CONSTANT_CONVERSION = YES;
				CLANG_WARN_DEPRECATED_OBJC_IMPLEMENTATIONS = YES;
				CLANG_WARN_DIRECT_OBJC_ISA_USAGE = YES_ERROR;
				CLANG_WARN_DOCUMENTATION_COMMENTS = YES;
				CLANG_WARN_EMPTY_BODY = YES;
				CLANG_WARN_ENUM_CONVERSION = YES;
				CLANG_WARN_INFINITE_RECURSION = YES;
				CLANG_WARN_INT_CONVERSION = YES;
				CLANG_WARN_NON_LITERAL_NULL_CONVERSION = YES;
				CLANG_WARN_OBJC_IMPLICIT_RETAIN_SELF = YES;
				CLANG_WARN_OBJC_LITERAL_CONVERSION = YES;
				CLANG_WARN_OBJC_ROOT_CLASS = YES_ERROR;
				CLANG_WARN_QUOTED_INCLUDE_IN_FRAMEWORK_HEADER = YES;
				CLANG_WARN_RANGE_LOOP_ANALYSIS = YES;
				CLANG_WARN_STRICT_PROTOTYPES = YES;
				CLANG_WARN_SUSPICIOUS_MOVE = YES;
				CLANG_WARN_UNGUARDED_AVAILABILITY = YES_AGGRESSIVE;
				CLANG_WARN_UNREACHABLE_CODE = YES;
				CLANG_WARN__DUPLICATE_METHOD_MATCH = YES;
				COPY_PHASE_STRIP = NO;
				DEBUG_INFORMATION_FORMAT = dwarf;
				ENABLE_STRICT_OBJC_MSGSEND = YES;
				ENABLE_TESTABILITY = YES;
				GCC_C_LANGUAGE_STANDARD = gnu11;
				GCC_DYNAMIC_NO_PIC = NO;
				GCC_NO_COMMON_BLOCKS = YES;
				GCC_OPTIMIZATION_LEVEL = 0;
				GCC_PREPROCESSOR_DEFINITIONS = (
					"DEBUG=1",
					"$(inherited)",
				);
				GCC_WARN_64_TO_32_BIT_CONVERSION = YES;
				GCC_WARN_ABOUT_RETURN_TYPE = YES_ERROR;
				GCC_WARN_UNDECLARED_SELECTOR = YES;
				GCC_WARN_UNINITIALIZED_AUTOS = YES_AGGRESSIVE;
				GCC_WARN_UNUSED_FUNCTION = YES;
				GCC_WARN_UNUSED_VARIABLE = YES;
				IPHONEOS_DEPLOYMENT_TARGET = 14.5;
				MTL_ENABLE_DEBUG_INFO = INCLUDE_SOURCE;
				MTL_FAST_MATH = YES;
				ONLY_ACTIVE_ARCH = YES;
				SDKROOT = iphoneos;
				SWIFT_ACTIVE_COMPILATION_CONDITIONS = DEBUG;
				SWIFT_OPTIMIZATION_LEVEL = "-Onone";
			};
			name = Debug;
		};
		361F7C9526779BF500E346EC /* Release */ = {
			isa = XCBuildConfiguration;
			buildSettings = {
				ALWAYS_SEARCH_USER_PATHS = NO;
				CLANG_ANALYZER_NONNULL = YES;
				CLANG_ANALYZER_NUMBER_OBJECT_CONVERSION = YES_AGGRESSIVE;
				CLANG_CXX_LANGUAGE_STANDARD = "gnu++14";
				CLANG_CXX_LIBRARY = "libc++";
				CLANG_ENABLE_MODULES = YES;
				CLANG_ENABLE_OBJC_ARC = YES;
				CLANG_ENABLE_OBJC_WEAK = YES;
				CLANG_WARN_BLOCK_CAPTURE_AUTORELEASING = YES;
				CLANG_WARN_BOOL_CONVERSION = YES;
				CLANG_WARN_COMMA = YES;
				CLANG_WARN_CONSTANT_CONVERSION = YES;
				CLANG_WARN_DEPRECATED_OBJC_IMPLEMENTATIONS = YES;
				CLANG_WARN_DIRECT_OBJC_ISA_USAGE = YES_ERROR;
				CLANG_WARN_DOCUMENTATION_COMMENTS = YES;
				CLANG_WARN_EMPTY_BODY = YES;
				CLANG_WARN_ENUM_CONVERSION = YES;
				CLANG_WARN_INFINITE_RECURSION = YES;
				CLANG_WARN_INT_CONVERSION = YES;
				CLANG_WARN_NON_LITERAL_NULL_CONVERSION = YES;
				CLANG_WARN_OBJC_IMPLICIT_RETAIN_SELF = YES;
				CLANG_WARN_OBJC_LITERAL_CONVERSION = YES;
				CLANG_WARN_OBJC_ROOT_CLASS = YES_ERROR;
				CLANG_WARN_QUOTED_INCLUDE_IN_FRAMEWORK_HEADER = YES;
				CLANG_WARN_RANGE_LOOP_ANALYSIS = YES;
				CLANG_WARN_STRICT_PROTOTYPES = YES;
				CLANG_WARN_SUSPICIOUS_MOVE = YES;
				CLANG_WARN_UNGUARDED_AVAILABILITY = YES_AGGRESSIVE;
				CLANG_WARN_UNREACHABLE_CODE = YES;
				CLANG_WARN__DUPLICATE_METHOD_MATCH = YES;
				COPY_PHASE_STRIP = NO;
				DEBUG_INFORMATION_FORMAT = "dwarf-with-dsym";
				ENABLE_NS_ASSERTIONS = NO;
				ENABLE_STRICT_OBJC_MSGSEND = YES;
				GCC_C_LANGUAGE_STANDARD = gnu11;
				GCC_NO_COMMON_BLOCKS = YES;
				GCC_WARN_64_TO_32_BIT_CONVERSION = YES;
				GCC_WARN_ABOUT_RETURN_TYPE = YES_ERROR;
				GCC_WARN_UNDECLARED_SELECTOR = YES;
				GCC_WARN_UNINITIALIZED_AUTOS = YES_AGGRESSIVE;
				GCC_WARN_UNUSED_FUNCTION = YES;
				GCC_WARN_UNUSED_VARIABLE = YES;
				IPHONEOS_DEPLOYMENT_TARGET = 14.5;
				MTL_ENABLE_DEBUG_INFO = NO;
				MTL_FAST_MATH = YES;
				SDKROOT = iphoneos;
				SWIFT_COMPILATION_MODE = wholemodule;
				SWIFT_OPTIMIZATION_LEVEL = "-O";
				VALIDATE_PRODUCT = YES;
			};
			name = Release;
		};
		361F7C9726779BF500E346EC /* Debug */ = {
			isa = XCBuildConfiguration;
			buildSettings = {
				ASSETCATALOG_COMPILER_APPICON_NAME = AppIcon;
				ASSETCATALOG_COMPILER_GLOBAL_ACCENT_COLOR_NAME = AccentColor;
				CODE_SIGN_STYLE = Automatic;
				INFOPLIST_FILE = 10.2_NewTab/Info.plist;
				LD_RUNPATH_SEARCH_PATHS = (
					"$(inherited)",
					"@executable_path/Frameworks",
				);
				PRODUCT_BUNDLE_IDENTIFIER = "KevinSon.-0-2-NewTab";
				PRODUCT_NAME = "$(TARGET_NAME)";
				SWIFT_VERSION = 5.0;
				TARGETED_DEVICE_FAMILY = "1,2";
			};
			name = Debug;
		};
		361F7C9826779BF500E346EC /* Release */ = {
			isa = XCBuildConfiguration;
			buildSettings = {
				ASSETCATALOG_COMPILER_APPICON_NAME = AppIcon;
				ASSETCATALOG_COMPILER_GLOBAL_ACCENT_COLOR_NAME = AccentColor;
				CODE_SIGN_STYLE = Automatic;
				INFOPLIST_FILE = 10.2_NewTab/Info.plist;
				LD_RUNPATH_SEARCH_PATHS = (
					"$(inherited)",
					"@executable_path/Frameworks",
				);
				PRODUCT_BUNDLE_IDENTIFIER = "KevinSon.-0-2-NewTab";
				PRODUCT_NAME = "$(TARGET_NAME)";
				SWIFT_VERSION = 5.0;
				TARGETED_DEVICE_FAMILY = "1,2";
			};
			name = Release;
		};
/* End XCBuildConfiguration section */

/* Begin XCConfigurationList section */
		361F7C7D26779BF500E346EC /* Build configuration list for PBXProject "10.2_NewTab" */ = {
			isa = XCConfigurationList;
			buildConfigurations = (
				361F7C9426779BF500E346EC /* Debug */,
				361F7C9526779BF500E346EC /* Release */,
			);
			defaultConfigurationIsVisible = 0;
			defaultConfigurationName = Release;
		};
		361F7C9626779BF500E346EC /* Build configuration list for PBXNativeTarget "10.2_NewTab" */ = {
			isa = XCConfigurationList;
			buildConfigurations = (
				361F7C9726779BF500E346EC /* Debug */,
				361F7C9826779BF500E346EC /* Release */,
			);
			defaultConfigurationIsVisible = 0;
			defaultConfigurationName = Release;
		};
/* End XCConfigurationList section */
	};
	rootObject = 361F7C7A26779BF500E346EC /* Project object */;
}
